{
  "version": 4,
  "terraform_version": "1.1.9",
  "serial": 218,
  "lineage": "c9f5bd6c-fc5a-5def-330e-1e3a65583e13",
  "outputs": {
    "avxspoke1_subnet_id": {
      "value": "/subscriptions/2d058077-13cf-445e-acdc-997e4036a37e/resourceGroups/rg-av-avxspoke141-653698/providers/Microsoft.Network/virtualNetworks/avxspoke141/subnets/avxspoke141-Private-subnet-1",
      "type": "string"
    },
    "avxspoke1_vnet_name": {
      "value": "avxspoke141",
      "type": "string"
    },
    "avxspoke1_vnet_rg": {
      "value": "rg-av-avxspoke141-653698",
      "type": "string"
    },
    "avxspoke1compute_rg": {
      "value": "dwBy-avxspoke1computerg",
      "type": "string"
    },
    "avxspoke1compute_storage": {
      "value": "dwbyavxspoke1storage",
      "type": "string"
    },
    "avxspoke1compute_vmname": {
      "value": "avxvm141",
      "type": "string"
    },
    "avxtransit_gw_name": {
      "value": "avxtransit140-gw",
      "type": "string"
    },
    "avxtransit_vnet_avx_id": {
      "value": "avxtransit140:rg-av-avxtransit140-466583:23e23deb-2422-4a7d-9a46-39875f3baaef",
      "type": "string"
    },
    "avxtransit_vnet_azure_id": {
      "value": "/subscriptions/2d058077-13cf-445e-acdc-997e4036a37e/resourceGroups/rg-av-avxtransit140-466583/providers/Microsoft.Network/virtualNetworks/avxtransit140",
      "type": "string"
    },
    "avxtransit_vnet_name": {
      "value": "avxtransit140",
      "type": "string"
    },
    "avxtransit_vnet_rg": {
      "value": "rg-av-avxtransit140-466583",
      "type": "string"
    },
    "azspoke1_backend_snet_id": {
      "value": "/subscriptions/2d058077-13cf-445e-acdc-997e4036a37e/resourceGroups/dwBy-azspoke1rg/providers/Microsoft.Network/virtualNetworks/spoke151/subnets/backend",
      "type": "string"
    },
    "azspoke1_rg_name": {
      "value": "dwBy-azspoke1rg",
      "type": "string"
    },
    "azspoke1_vnet1_vnet2_peering_name": {
      "value": "spoke151-transit110_vnet",
      "type": "string"
    },
    "azspoke1_vnet2_vnet1_peering_name": {
      "value": "spoke151-transit110_vnet",
      "type": "string"
    },
    "azspoke1_vnet_id": {
      "value": "/subscriptions/2d058077-13cf-445e-acdc-997e4036a37e/resourceGroups/dwBy-azspoke1rg/providers/Microsoft.Network/virtualNetworks/spoke151",
      "type": "string"
    },
    "azspoke1_vnet_name": {
      "value": "spoke151",
      "type": "string"
    },
    "azspoke1compute_rg": {
      "value": "dwBy-azspoke1computerg",
      "type": "string"
    },
    "azspoke1compute_storage": {
      "value": "dwbyazspoke1storage",
      "type": "string"
    },
    "azspoke1compute_vmname": {
      "value": "vm151",
      "type": "string"
    },
    "azspoke2_backend_snet_id": {
      "value": "/subscriptions/2d058077-13cf-445e-acdc-997e4036a37e/resourceGroups/dwBy-azspoke2rg/providers/Microsoft.Network/virtualNetworks/spoke152/subnets/backend",
      "type": "string"
    },
    "azspoke2_rg_name": {
      "value": "dwBy-azspoke2rg",
      "type": "string"
    },
    "azspoke2_vnet1_vnet2_peering_name": {
      "value": "spoke152-transit110_vnet",
      "type": "string"
    },
    "azspoke2_vnet2_vnet1_peering_name": {
      "value": "spoke152-transit110_vnet",
      "type": "string"
    },
    "azspoke2_vnet_id": {
      "value": "/subscriptions/2d058077-13cf-445e-acdc-997e4036a37e/resourceGroups/dwBy-azspoke2rg/providers/Microsoft.Network/virtualNetworks/spoke152",
      "type": "string"
    },
    "azspoke2_vnet_name": {
      "value": "spoke152",
      "type": "string"
    },
    "azspoke2compute_rg": {
      "value": "dwBy-azspoke2computerg",
      "type": "string"
    },
    "azspoke2compute_storage": {
      "value": "dwbyazspoke2storage",
      "type": "string"
    },
    "azspoke2compute_vmname": {
      "value": "vm152",
      "type": "string"
    },
    "aztransit_rg_name": {
      "value": "aztransit110-rg",
      "type": "string"
    },
    "aztransit_vnet_id": {
      "value": "/subscriptions/2d058077-13cf-445e-acdc-997e4036a37e/resourceGroups/aztransit110-rg/providers/Microsoft.Network/virtualNetworks/transit110_vnet",
      "type": "string"
    },
    "aztransit_vnet_name": {
      "value": "transit110_vnet",
      "type": "string"
    },
    "env": {
      "value": "dwBy",
      "type": "string"
    }
  },
  "resources": [
    {
      "mode": "data",
      "type": "azurerm_client_config",
      "name": "current",
      "provider": "provider[\"registry.terraform.io/hashicorp/azurerm\"]",
      "instances": [
        {
          "schema_version": 0,
          "attributes": {
            "client_id": "04b07795-8ddb-461a-bbee-02f9e1bf7b46",
            "id": "2022-06-04 21:48:48.796724 +0000 UTC",
            "object_id": "c6ffd763-6312-4121-96b3-c95730094a94",
            "subscription_id": "2d058077-13cf-445e-acdc-997e4036a37e",
            "tenant_id": "4780055e-ce37-4f02-b33d-fdad8493a4b6",
            "timeouts": null
          },
          "sensitive_attributes": []
        }
      ]
    },
    {
      "mode": "managed",
      "type": "random_string",
      "name": "env",
      "provider": "provider[\"registry.terraform.io/hashicorp/random\"]",
      "instances": [
        {
          "schema_version": 1,
          "attributes": {
            "id": "dwBy",
            "keepers": null,
            "length": 4,
            "lower": true,
            "min_lower": 0,
            "min_numeric": 0,
            "min_special": 0,
            "min_upper": 0,
            "number": true,
            "override_special": null,
            "result": "dwBy",
            "special": false,
            "upper": true
          },
          "sensitive_attributes": [],
          "private": "eyJzY2hlbWFfdmVyc2lvbiI6IjEifQ=="
        }
      ]
    },
    {
      "module": "module.avxspoke1",
      "mode": "managed",
      "type": "aviatrix_spoke_gateway",
      "name": "spoke_gw",
      "provider": "provider[\"registry.terraform.io/aviatrixsystems/aviatrix\"]",
      "instances": [
        {
          "schema_version": 1,
          "attributes": {
            "account_name": "AZURE",
            "allocate_new_eip": true,
            "approved_learned_cidrs": [],
            "availability_domain": null,
            "azure_eip_name_resource_group": null,
            "bgp_ecmp": false,
            "bgp_hold_time": 180,
            "bgp_polling_time": 50,
            "cloud_instance_id": "av-gw-avxspoke141-gw",
            "cloud_type": 8,
            "customer_managed_keys": null,
            "customized_spoke_vpc_routes": "",
            "disable_route_propagation": false,
            "eip": "20.121.248.0",
            "enable_active_standby": false,
            "enable_active_standby_preemptive": false,
            "enable_auto_advertise_s2c_cidrs": false,
            "enable_bgp": false,
            "enable_encrypt_volume": false,
            "enable_jumbo_frame": true,
            "enable_learned_cidrs_approval": false,
            "enable_monitor_gateway_subnets": false,
            "enable_private_oob": false,
            "enable_private_vpc_default_route": false,
            "enable_skip_public_route_table_update": false,
            "enable_spot_instance": null,
            "enable_vpc_dns_server": false,
            "fault_domain": null,
            "filtered_spoke_vpc_routes": "",
            "gw_name": "avxspoke141-gw",
            "gw_size": "Standard_B1ms",
            "ha_availability_domain": null,
            "ha_azure_eip_name_resource_group": null,
            "ha_cloud_instance_id": "av-gw-avxspoke141-gw-hagw",
            "ha_eip": "20.85.169.247",
            "ha_fault_domain": null,
            "ha_gw_name": "avxspoke141-gw-hagw",
            "ha_gw_size": "Standard_B1ms",
            "ha_image_version": "aviatrix-companion-gateway-v9",
            "ha_insane_mode_az": "",
            "ha_oob_availability_zone": null,
            "ha_oob_management_subnet": null,
            "ha_private_ip": "10.0.141.20",
            "ha_security_group_id": "",
            "ha_software_version": "6.7.1186",
            "ha_subnet": "10.0.141.16/28",
            "ha_zone": "",
            "id": "avxspoke141-gw",
            "image_version": "aviatrix-companion-gateway-v9",
            "included_advertised_spoke_routes": "",
            "insane_mode": false,
            "insane_mode_az": "",
            "learned_cidrs_approval_mode": "gateway",
            "local_as_number": "",
            "manage_transit_gateway_attachment": false,
            "monitor_exclude_list": [],
            "oob_availability_zone": null,
            "oob_management_subnet": null,
            "prepend_as_path": [],
            "private_ip": "10.0.141.4",
            "rx_queue_size": "",
            "security_group_id": "",
            "single_az_ha": false,
            "single_ip_snat": false,
            "software_version": "6.7.1186",
            "spoke_bgp_manual_advertise_cidrs": [],
            "spot_price": null,
            "subnet": "10.0.141.0/28",
            "tag_list": null,
            "tags": {},
            "transit_gw": null,
            "tunnel_detection_time": 60,
            "vpc_id": "avxspoke141:rg-av-avxspoke141-653698:0075005f-bf11-4f7c-b1f4-5083c3b281e6",
            "vpc_reg": "East US",
            "zone": null
          },
          "sensitive_attributes": [],
          "private": "eyJzY2hlbWFfdmVyc2lvbiI6IjEifQ==",
          "dependencies": [
            "module.avxspoke1.aviatrix_vpc.avx_spoke_vpc"
          ]
        }
      ]
    },
    {
      "module": "module.avxspoke1",
      "mode": "managed",
      "type": "aviatrix_spoke_transit_attachment",
      "name": "spoke_transit_att",
      "provider": "provider[\"registry.terraform.io/aviatrixsystems/aviatrix\"]",
      "instances": [
        {
          "schema_version": 0,
          "attributes": {
            "id": "avxspoke141-gw~avxtransit140-gw",
            "route_tables": null,
            "spoke_gw_name": "avxspoke141-gw",
            "transit_gw_name": "avxtransit140-gw"
          },
          "sensitive_attributes": [],
          "private": "bnVsbA==",
          "dependencies": [
            "module.avxspoke1.aviatrix_spoke_gateway.spoke_gw",
            "module.avxspoke1.aviatrix_vpc.avx_spoke_vpc",
            "module.avxtransit.aviatrix_transit_gateway.transit_gw",
            "module.avxtransit.aviatrix_vpc.transit_firenet_vpc"
          ]
        }
      ]
    },
    {
      "module": "module.avxspoke1",
      "mode": "managed",
      "type": "aviatrix_vpc",
      "name": "avx_spoke_vpc",
      "provider": "provider[\"registry.terraform.io/aviatrixsystems/aviatrix\"]",
      "instances": [
        {
          "schema_version": 1,
          "attributes": {
            "account_name": "AZURE",
            "availability_domains": [],
            "aviatrix_firenet_vpc": false,
            "aviatrix_transit_vpc": false,
            "azure_vnet_resource_id": "/subscriptions/2d058077-13cf-445e-acdc-997e4036a37e/resourceGroups/rg-av-avxspoke141-653698/providers/Microsoft.Network/virtualNetworks/avxspoke141",
            "cidr": "10.0.141.0/24",
            "cloud_type": 8,
            "enable_native_gwlb": false,
            "enable_private_oob_subnet": false,
            "fault_domains": [],
            "id": "avxspoke141",
            "name": "avxspoke141",
            "num_of_subnet_pairs": null,
            "private_subnets": [
              {
                "cidr": "10.0.141.32/28",
                "name": "avxspoke141-Private-subnet-1",
                "subnet_id": "/subscriptions/2d058077-13cf-445e-acdc-997e4036a37e/resourceGroups/rg-av-avxspoke141-653698/providers/Microsoft.Network/virtualNetworks/avxspoke141/subnets/avxspoke141-Private-subnet-1"
              },
              {
                "cidr": "10.0.141.64/28",
                "name": "avxspoke141-Private-subnet-2",
                "subnet_id": "/subscriptions/2d058077-13cf-445e-acdc-997e4036a37e/resourceGroups/rg-av-avxspoke141-653698/providers/Microsoft.Network/virtualNetworks/avxspoke141/subnets/avxspoke141-Private-subnet-2"
              }
            ],
            "public_subnets": [
              {
                "cidr": "10.0.141.0/28",
                "name": "avxspoke141-Public-gateway-subnet-1",
                "subnet_id": "/subscriptions/2d058077-13cf-445e-acdc-997e4036a37e/resourceGroups/rg-av-avxspoke141-653698/providers/Microsoft.Network/virtualNetworks/avxspoke141/subnets/avxspoke141-Public-gateway-subnet-1"
              },
              {
                "cidr": "10.0.141.16/28",
                "name": "avxspoke141-Public-subnet-1",
                "subnet_id": "/subscriptions/2d058077-13cf-445e-acdc-997e4036a37e/resourceGroups/rg-av-avxspoke141-653698/providers/Microsoft.Network/virtualNetworks/avxspoke141/subnets/avxspoke141-Public-subnet-1"
              },
              {
                "cidr": "10.0.141.48/28",
                "name": "avxspoke141-Public-subnet-2",
                "subnet_id": "/subscriptions/2d058077-13cf-445e-acdc-997e4036a37e/resourceGroups/rg-av-avxspoke141-653698/providers/Microsoft.Network/virtualNetworks/avxspoke141/subnets/avxspoke141-Public-subnet-2"
              }
            ],
            "region": "East US",
            "resource_group": "rg-av-avxspoke141-653698",
            "route_tables": [
              "avxspoke141-Private-subnet-1-rtb:rg-av-avxspoke141-653698",
              "avxspoke141---10-80-0-239-public:rg-av-avxspoke141-653698",
              "avxspoke141-Public-subnet-1-rtb:rg-av-avxspoke141-653698",
              "avxspoke141-Public-subnet-2-rtb:rg-av-avxspoke141-653698",
              "avxspoke141-Private-subnet-2-rtb:rg-av-avxspoke141-653698"
            ],
            "subnet_size": null,
            "subnets": [
              {
                "cidr": "10.0.141.0/28",
                "name": "avxspoke141-Public-gateway-subnet-1",
                "region": "",
                "subnet_id": "/subscriptions/2d058077-13cf-445e-acdc-997e4036a37e/resourceGroups/rg-av-avxspoke141-653698/providers/Microsoft.Network/virtualNetworks/avxspoke141/subnets/avxspoke141-Public-gateway-subnet-1"
              },
              {
                "cidr": "10.0.141.16/28",
                "name": "avxspoke141-Public-subnet-1",
                "region": "",
                "subnet_id": "/subscriptions/2d058077-13cf-445e-acdc-997e4036a37e/resourceGroups/rg-av-avxspoke141-653698/providers/Microsoft.Network/virtualNetworks/avxspoke141/subnets/avxspoke141-Public-subnet-1"
              },
              {
                "cidr": "10.0.141.48/28",
                "name": "avxspoke141-Public-subnet-2",
                "region": "",
                "subnet_id": "/subscriptions/2d058077-13cf-445e-acdc-997e4036a37e/resourceGroups/rg-av-avxspoke141-653698/providers/Microsoft.Network/virtualNetworks/avxspoke141/subnets/avxspoke141-Public-subnet-2"
              },
              {
                "cidr": "10.0.141.32/28",
                "name": "avxspoke141-Private-subnet-1",
                "region": "",
                "subnet_id": "/subscriptions/2d058077-13cf-445e-acdc-997e4036a37e/resourceGroups/rg-av-avxspoke141-653698/providers/Microsoft.Network/virtualNetworks/avxspoke141/subnets/avxspoke141-Private-subnet-1"
              },
              {
                "cidr": "10.0.141.64/28",
                "name": "avxspoke141-Private-subnet-2",
                "region": "",
                "subnet_id": "/subscriptions/2d058077-13cf-445e-acdc-997e4036a37e/resourceGroups/rg-av-avxspoke141-653698/providers/Microsoft.Network/virtualNetworks/avxspoke141/subnets/avxspoke141-Private-subnet-2"
              }
            ],
            "vpc_id": "avxspoke141:rg-av-avxspoke141-653698:0075005f-bf11-4f7c-b1f4-5083c3b281e6"
          },
          "sensitive_attributes": [],
          "private": "eyJzY2hlbWFfdmVyc2lvbiI6IjEifQ=="
        }
      ]
    },
    {
      "module": "module.avxspoke1_compute",
      "mode": "managed",
      "type": "azurerm_linux_virtual_machine",
      "name": "vm",
      "provider": "provider[\"registry.terraform.io/hashicorp/azurerm\"]",
      "instances": [
        {
          "schema_version": 0,
          "attributes": {
            "additional_capabilities": [],
            "admin_password": "Aviatrix123#",
            "admin_ssh_key": [],
            "admin_username": "azureuser",
            "allow_extension_operations": true,
            "availability_set_id": "",
            "boot_diagnostics": [
              {
                "storage_account_uri": "http://dwbyavxspoke1storage.blob.core.windows.net"
              }
            ],
            "computer_name": "avxvm141",
            "custom_data": null,
            "dedicated_host_group_id": "",
            "dedicated_host_id": "",
            "disable_password_authentication": false,
            "edge_zone": "",
            "encryption_at_host_enabled": false,
            "eviction_policy": "",
            "extensions_time_budget": "PT1H30M",
            "id": "/subscriptions/2d058077-13cf-445e-acdc-997e4036a37e/resourceGroups/dwBy-avxspoke1computerg/providers/Microsoft.Compute/virtualMachines/avxvm141",
            "identity": [],
            "license_type": "",
            "location": "eastus",
            "max_bid_price": -1,
            "name": "avxvm141",
            "network_interface_ids": [
              "/subscriptions/2d058077-13cf-445e-acdc-997e4036a37e/resourceGroups/dwBy-avxspoke1computerg/providers/Microsoft.Network/networkInterfaces/avxvm141_nic"
            ],
            "os_disk": [
              {
                "caching": "ReadWrite",
                "diff_disk_settings": [],
                "disk_encryption_set_id": "",
                "disk_size_gb": 30,
                "name": "osdisk",
                "secure_vm_disk_encryption_set_id": "",
                "security_encryption_type": "",
                "storage_account_type": "Standard_LRS",
                "write_accelerator_enabled": false
              }
            ],
            "patch_mode": "ImageDefault",
            "plan": [],
            "platform_fault_domain": -1,
            "priority": "Regular",
            "private_ip_address": "10.0.141.36",
            "private_ip_addresses": [
              "10.0.141.36"
            ],
            "provision_vm_agent": true,
            "proximity_placement_group_id": "",
            "public_ip_address": "",
            "public_ip_addresses": [],
            "resource_group_name": "dwBy-avxspoke1computerg",
            "secret": [],
            "secure_boot_enabled": false,
            "size": "Standard_D1_v2",
            "source_image_id": "",
            "source_image_reference": [
              {
                "offer": "UbuntuServer",
                "publisher": "Canonical",
                "sku": "16.04.0-LTS",
                "version": "latest"
              }
            ],
            "tags": {},
            "termination_notification": [],
            "timeouts": null,
            "user_data": "",
            "virtual_machine_id": "a1f2f239-6691-4fa8-a4a5-0f4824827852",
            "virtual_machine_scale_set_id": "",
            "vtpm_enabled": false,
            "zone": ""
          },
          "sensitive_attributes": [],
          "private": "eyJlMmJmYjczMC1lY2FhLTExZTYtOGY4OC0zNDM2M2JjN2M0YzAiOnsiY3JlYXRlIjoyNzAwMDAwMDAwMDAwLCJkZWxldGUiOjI3MDAwMDAwMDAwMDAsInJlYWQiOjMwMDAwMDAwMDAwMCwidXBkYXRlIjoyNzAwMDAwMDAwMDAwfX0=",
          "dependencies": [
            "module.avxspoke1.aviatrix_spoke_gateway.spoke_gw",
            "module.avxspoke1.aviatrix_spoke_transit_attachment.spoke_transit_att",
            "module.avxspoke1.aviatrix_vpc.avx_spoke_vpc",
            "module.avxspoke1_compute.azurerm_network_interface.vm_nic",
            "module.avxspoke1_compute.azurerm_resource_group.compute_rg",
            "module.avxspoke1_compute.azurerm_storage_account.storage",
            "module.avxtransit.aviatrix_transit_gateway.transit_gw",
            "module.avxtransit.aviatrix_vpc.transit_firenet_vpc",
            "random_string.env"
          ]
        }
      ]
    },
    {
      "module": "module.avxspoke1_compute",
      "mode": "managed",
      "type": "azurerm_network_interface",
      "name": "vm_nic",
      "provider": "provider[\"registry.terraform.io/hashicorp/azurerm\"]",
      "instances": [
        {
          "schema_version": 0,
          "attributes": {
            "applied_dns_servers": [],
            "dns_servers": [],
            "edge_zone": "",
            "enable_accelerated_networking": false,
            "enable_ip_forwarding": false,
            "id": "/subscriptions/2d058077-13cf-445e-acdc-997e4036a37e/resourceGroups/dwBy-avxspoke1computerg/providers/Microsoft.Network/networkInterfaces/avxvm141_nic",
            "internal_dns_name_label": "",
            "internal_domain_name_suffix": "l2ahkaarx34e5mpukcb2hmub2g.bx.internal.cloudapp.net",
            "ip_configuration": [
              {
                "gateway_load_balancer_frontend_ip_configuration_id": "",
                "name": "ipconfig1",
                "primary": true,
                "private_ip_address": "10.0.141.36",
                "private_ip_address_allocation": "Dynamic",
                "private_ip_address_version": "IPv4",
                "public_ip_address_id": "",
                "subnet_id": "/subscriptions/2d058077-13cf-445e-acdc-997e4036a37e/resourceGroups/rg-av-avxspoke141-653698/providers/Microsoft.Network/virtualNetworks/avxspoke141/subnets/avxspoke141-Private-subnet-1"
              }
            ],
            "location": "eastus",
            "mac_address": "00-0D-3A-8E-E4-EB",
            "name": "avxvm141_nic",
            "private_ip_address": "10.0.141.36",
            "private_ip_addresses": [
              "10.0.141.36"
            ],
            "resource_group_name": "dwBy-avxspoke1computerg",
            "tags": {},
            "timeouts": null,
            "virtual_machine_id": "/subscriptions/2d058077-13cf-445e-acdc-997e4036a37e/resourceGroups/dwBy-avxspoke1computerg/providers/Microsoft.Compute/virtualMachines/avxvm141"
          },
          "sensitive_attributes": [],
          "private": "eyJlMmJmYjczMC1lY2FhLTExZTYtOGY4OC0zNDM2M2JjN2M0YzAiOnsiY3JlYXRlIjoxODAwMDAwMDAwMDAwLCJkZWxldGUiOjE4MDAwMDAwMDAwMDAsInJlYWQiOjMwMDAwMDAwMDAwMCwidXBkYXRlIjoxODAwMDAwMDAwMDAwfX0=",
          "dependencies": [
            "module.avxspoke1.aviatrix_spoke_gateway.spoke_gw",
            "module.avxspoke1.aviatrix_spoke_transit_attachment.spoke_transit_att",
            "module.avxspoke1.aviatrix_vpc.avx_spoke_vpc",
            "module.avxspoke1_compute.azurerm_resource_group.compute_rg",
            "module.avxtransit.aviatrix_transit_gateway.transit_gw",
            "module.avxtransit.aviatrix_vpc.transit_firenet_vpc",
            "random_string.env"
          ]
        }
      ]
    },
    {
      "module": "module.avxspoke1_compute",
      "mode": "managed",
      "type": "azurerm_network_interface_security_group_association",
      "name": "nic_nsg",
      "provider": "provider[\"registry.terraform.io/hashicorp/azurerm\"]",
      "instances": [
        {
          "schema_version": 0,
          "attributes": {
            "id": "/subscriptions/2d058077-13cf-445e-acdc-997e4036a37e/resourceGroups/dwBy-avxspoke1computerg/providers/Microsoft.Network/networkInterfaces/avxvm141_nic|/subscriptions/2d058077-13cf-445e-acdc-997e4036a37e/resourceGroups/dwBy-avxspoke1computerg/providers/Microsoft.Network/networkSecurityGroups/avxvm141_nsg",
            "network_interface_id": "/subscriptions/2d058077-13cf-445e-acdc-997e4036a37e/resourceGroups/dwBy-avxspoke1computerg/providers/Microsoft.Network/networkInterfaces/avxvm141_nic",
            "network_security_group_id": "/subscriptions/2d058077-13cf-445e-acdc-997e4036a37e/resourceGroups/dwBy-avxspoke1computerg/providers/Microsoft.Network/networkSecurityGroups/avxvm141_nsg",
            "timeouts": null
          },
          "sensitive_attributes": [],
          "private": "eyJlMmJmYjczMC1lY2FhLTExZTYtOGY4OC0zNDM2M2JjN2M0YzAiOnsiY3JlYXRlIjoxODAwMDAwMDAwMDAwLCJkZWxldGUiOjE4MDAwMDAwMDAwMDAsInJlYWQiOjMwMDAwMDAwMDAwMCwidXBkYXRlIjoxODAwMDAwMDAwMDAwfX0=",
          "dependencies": [
            "module.avxspoke1.aviatrix_spoke_gateway.spoke_gw",
            "module.avxspoke1.aviatrix_spoke_transit_attachment.spoke_transit_att",
            "module.avxspoke1.aviatrix_vpc.avx_spoke_vpc",
            "module.avxspoke1_compute.azurerm_linux_virtual_machine.vm",
            "module.avxspoke1_compute.azurerm_network_interface.vm_nic",
            "module.avxspoke1_compute.azurerm_network_security_group.nsg",
            "module.avxspoke1_compute.azurerm_resource_group.compute_rg",
            "module.avxspoke1_compute.azurerm_storage_account.storage",
            "module.avxtransit.aviatrix_transit_gateway.transit_gw",
            "module.avxtransit.aviatrix_vpc.transit_firenet_vpc",
            "random_string.env"
          ]
        }
      ]
    },
    {
      "module": "module.avxspoke1_compute",
      "mode": "managed",
      "type": "azurerm_network_security_group",
      "name": "nsg",
      "provider": "provider[\"registry.terraform.io/hashicorp/azurerm\"]",
      "instances": [
        {
          "schema_version": 0,
          "attributes": {
            "id": "/subscriptions/2d058077-13cf-445e-acdc-997e4036a37e/resourceGroups/dwBy-avxspoke1computerg/providers/Microsoft.Network/networkSecurityGroups/avxvm141_nsg",
            "location": "eastus",
            "name": "avxvm141_nsg",
            "resource_group_name": "dwBy-avxspoke1computerg",
            "security_rule": [],
            "tags": {},
            "timeouts": null
          },
          "sensitive_attributes": [],
          "private": "eyJlMmJmYjczMC1lY2FhLTExZTYtOGY4OC0zNDM2M2JjN2M0YzAiOnsiY3JlYXRlIjoxODAwMDAwMDAwMDAwLCJkZWxldGUiOjE4MDAwMDAwMDAwMDAsInJlYWQiOjMwMDAwMDAwMDAwMCwidXBkYXRlIjoxODAwMDAwMDAwMDAwfX0=",
          "dependencies": [
            "module.avxspoke1.aviatrix_spoke_gateway.spoke_gw",
            "module.avxspoke1.aviatrix_spoke_transit_attachment.spoke_transit_att",
            "module.avxspoke1.aviatrix_vpc.avx_spoke_vpc",
            "module.avxspoke1_compute.azurerm_resource_group.compute_rg",
            "module.avxtransit.aviatrix_transit_gateway.transit_gw",
            "module.avxtransit.aviatrix_vpc.transit_firenet_vpc",
            "random_string.env"
          ]
        }
      ]
    },
    {
      "module": "module.avxspoke1_compute",
      "mode": "managed",
      "type": "azurerm_resource_group",
      "name": "compute_rg",
      "provider": "provider[\"registry.terraform.io/hashicorp/azurerm\"]",
      "instances": [
        {
          "schema_version": 0,
          "attributes": {
            "id": "/subscriptions/2d058077-13cf-445e-acdc-997e4036a37e/resourceGroups/dwBy-avxspoke1computerg",
            "location": "eastus",
            "name": "dwBy-avxspoke1computerg",
            "tags": {},
            "timeouts": null
          },
          "sensitive_attributes": [],
          "private": "eyJlMmJmYjczMC1lY2FhLTExZTYtOGY4OC0zNDM2M2JjN2M0YzAiOnsiY3JlYXRlIjo1NDAwMDAwMDAwMDAwLCJkZWxldGUiOjU0MDAwMDAwMDAwMDAsInJlYWQiOjMwMDAwMDAwMDAwMCwidXBkYXRlIjo1NDAwMDAwMDAwMDAwfX0=",
          "dependencies": [
            "module.avxspoke1.aviatrix_spoke_gateway.spoke_gw",
            "module.avxspoke1.aviatrix_spoke_transit_attachment.spoke_transit_att",
            "module.avxspoke1.aviatrix_vpc.avx_spoke_vpc",
            "module.avxtransit.aviatrix_transit_gateway.transit_gw",
            "module.avxtransit.aviatrix_vpc.transit_firenet_vpc",
            "random_string.env"
          ]
        }
      ]
    },
    {
      "module": "module.avxspoke1_compute",
      "mode": "managed",
      "type": "azurerm_storage_account",
      "name": "storage",
      "provider": "provider[\"registry.terraform.io/hashicorp/azurerm\"]",
      "instances": [
        {
          "schema_version": 3,
          "attributes": {
            "access_tier": "",
            "account_kind": "Storage",
            "account_replication_type": "LRS",
            "account_tier": "Standard",
            "allow_nested_items_to_be_public": true,
            "azure_files_authentication": [],
            "blob_properties": [
              {
                "change_feed_enabled": false,
                "container_delete_retention_policy": [],
                "cors_rule": [],
                "default_service_version": "",
                "delete_retention_policy": [],
                "last_access_time_enabled": false,
                "versioning_enabled": false
              }
            ],
            "cross_tenant_replication_enabled": true,
            "custom_domain": [],
            "customer_managed_key": [],
            "edge_zone": "",
            "enable_https_traffic_only": true,
            "id": "/subscriptions/2d058077-13cf-445e-acdc-997e4036a37e/resourceGroups/dwBy-avxspoke1computerg/providers/Microsoft.Storage/storageAccounts/dwbyavxspoke1storage",
            "identity": [],
            "infrastructure_encryption_enabled": false,
            "is_hns_enabled": false,
            "large_file_share_enabled": null,
            "location": "eastus",
            "min_tls_version": "TLS1_2",
            "name": "dwbyavxspoke1storage",
            "network_rules": [
              {
                "bypass": [
                  "AzureServices"
                ],
                "default_action": "Allow",
                "ip_rules": [],
                "private_link_access": [],
                "virtual_network_subnet_ids": []
              }
            ],
            "nfsv3_enabled": false,
            "primary_access_key": "lx8iiJD7xddX+kWkgbrAXqm/j4EYtbUXa6TJG+KbCYc8hw+zTXw/XrHw2B274EV4l+pIpy6iE8UD+AStsa4Ecg==",
            "primary_blob_connection_string": "DefaultEndpointsProtocol=https;BlobEndpoint=https://dwbyavxspoke1storage.blob.core.windows.net/;AccountName=dwbyavxspoke1storage;AccountKey=lx8iiJD7xddX+kWkgbrAXqm/j4EYtbUXa6TJG+KbCYc8hw+zTXw/XrHw2B274EV4l+pIpy6iE8UD+AStsa4Ecg==",
            "primary_blob_endpoint": "https://dwbyavxspoke1storage.blob.core.windows.net/",
            "primary_blob_host": "dwbyavxspoke1storage.blob.core.windows.net",
            "primary_connection_string": "DefaultEndpointsProtocol=https;AccountName=dwbyavxspoke1storage;AccountKey=lx8iiJD7xddX+kWkgbrAXqm/j4EYtbUXa6TJG+KbCYc8hw+zTXw/XrHw2B274EV4l+pIpy6iE8UD+AStsa4Ecg==;EndpointSuffix=core.windows.net",
            "primary_dfs_endpoint": "",
            "primary_dfs_host": "",
            "primary_file_endpoint": "https://dwbyavxspoke1storage.file.core.windows.net/",
            "primary_file_host": "dwbyavxspoke1storage.file.core.windows.net",
            "primary_location": "eastus",
            "primary_queue_endpoint": "https://dwbyavxspoke1storage.queue.core.windows.net/",
            "primary_queue_host": "dwbyavxspoke1storage.queue.core.windows.net",
            "primary_table_endpoint": "https://dwbyavxspoke1storage.table.core.windows.net/",
            "primary_table_host": "dwbyavxspoke1storage.table.core.windows.net",
            "primary_web_endpoint": "",
            "primary_web_host": "",
            "queue_encryption_key_type": "Service",
            "queue_properties": [
              {
                "cors_rule": [],
                "hour_metrics": [
                  {
                    "enabled": true,
                    "include_apis": true,
                    "retention_policy_days": 7,
                    "version": "1.0"
                  }
                ],
                "logging": [
                  {
                    "delete": false,
                    "read": false,
                    "retention_policy_days": 0,
                    "version": "1.0",
                    "write": false
                  }
                ],
                "minute_metrics": [
                  {
                    "enabled": false,
                    "include_apis": false,
                    "retention_policy_days": 0,
                    "version": "1.0"
                  }
                ]
              }
            ],
            "resource_group_name": "dwBy-avxspoke1computerg",
            "routing": [],
            "secondary_access_key": "EsUCdnDFKDV9IzEqiTs/YLC+/WJtEdaO8IMPC6RqjjRTTxPuSClcpwQXdS4e51x+UxWx7LOUlPya+AStnw5xpQ==",
            "secondary_blob_connection_string": "",
            "secondary_blob_endpoint": null,
            "secondary_blob_host": null,
            "secondary_connection_string": "DefaultEndpointsProtocol=https;AccountName=dwbyavxspoke1storage;AccountKey=EsUCdnDFKDV9IzEqiTs/YLC+/WJtEdaO8IMPC6RqjjRTTxPuSClcpwQXdS4e51x+UxWx7LOUlPya+AStnw5xpQ==;EndpointSuffix=core.windows.net",
            "secondary_dfs_endpoint": null,
            "secondary_dfs_host": null,
            "secondary_file_endpoint": null,
            "secondary_file_host": null,
            "secondary_location": "",
            "secondary_queue_endpoint": null,
            "secondary_queue_host": null,
            "secondary_table_endpoint": null,
            "secondary_table_host": null,
            "secondary_web_endpoint": null,
            "secondary_web_host": null,
            "share_properties": [
              {
                "cors_rule": [],
                "retention_policy": [
                  {
                    "days": 7
                  }
                ],
                "smb": []
              }
            ],
            "shared_access_key_enabled": true,
            "static_website": [],
            "table_encryption_key_type": "Service",
            "tags": {},
            "timeouts": null
          },
          "sensitive_attributes": [],
          "private": "eyJlMmJmYjczMC1lY2FhLTExZTYtOGY4OC0zNDM2M2JjN2M0YzAiOnsiY3JlYXRlIjozNjAwMDAwMDAwMDAwLCJkZWxldGUiOjM2MDAwMDAwMDAwMDAsInJlYWQiOjMwMDAwMDAwMDAwMCwidXBkYXRlIjozNjAwMDAwMDAwMDAwfSwic2NoZW1hX3ZlcnNpb24iOiIzIn0=",
          "dependencies": [
            "module.avxspoke1.aviatrix_spoke_gateway.spoke_gw",
            "module.avxspoke1.aviatrix_spoke_transit_attachment.spoke_transit_att",
            "module.avxspoke1.aviatrix_vpc.avx_spoke_vpc",
            "module.avxspoke1_compute.azurerm_resource_group.compute_rg",
            "module.avxtransit.aviatrix_transit_gateway.transit_gw",
            "module.avxtransit.aviatrix_vpc.transit_firenet_vpc",
            "random_string.env"
          ]
        }
      ]
    },
    {
      "module": "module.avxtransit",
      "mode": "managed",
      "type": "aviatrix_firenet",
      "name": "firenet_1",
      "provider": "provider[\"registry.terraform.io/aviatrixsystems/aviatrix\"]",
      "instances": [
        {
          "schema_version": 1,
          "attributes": {
            "east_west_inspection_excluded_cidrs": [],
            "egress_enabled": false,
            "egress_static_cidrs": [],
            "fail_close_enabled": true,
            "firewall_instance_association": [],
            "hashing_algorithm": "5-Tuple",
            "id": "avxtransit140:rg-av-avxtransit140-466583:23e23deb-2422-4a7d-9a46-39875f3baaef",
            "inspection_enabled": true,
            "keep_alive_via_lan_interface_enabled": false,
            "manage_firewall_instance_association": false,
            "tgw_segmentation_for_egress_enabled": false,
            "vpc_id": "avxtransit140:rg-av-avxtransit140-466583:23e23deb-2422-4a7d-9a46-39875f3baaef"
          },
          "sensitive_attributes": [],
          "private": "eyJzY2hlbWFfdmVyc2lvbiI6IjEifQ==",
          "dependencies": [
            "module.avxtransit.aviatrix_transit_gateway.transit_gw",
            "module.avxtransit.aviatrix_vpc.transit_firenet_vpc"
          ]
        }
      ]
    },
    {
      "module": "module.avxtransit",
      "mode": "managed",
      "type": "aviatrix_transit_gateway",
      "name": "transit_gw",
      "provider": "provider[\"registry.terraform.io/aviatrixsystems/aviatrix\"]",
      "instances": [
        {
          "schema_version": 1,
          "attributes": {
            "account_name": "AZURE",
            "allocate_new_eip": true,
            "approved_learned_cidrs": [],
            "availability_domain": null,
            "azure_eip_name_resource_group": null,
            "bgp_ecmp": false,
            "bgp_hold_time": 180,
            "bgp_lan_interfaces": [],
            "bgp_lan_ip_list": [],
            "bgp_manual_spoke_advertise_cidrs": "",
            "bgp_polling_time": "50",
            "cloud_instance_id": "av-gw-avxtransit140-gw",
            "cloud_type": 8,
            "connected_transit": true,
            "customer_managed_keys": null,
            "customized_spoke_vpc_routes": "",
            "customized_transit_vpc_routes": [],
            "eip": "20.85.173.100",
            "enable_active_standby": false,
            "enable_active_standby_preemptive": false,
            "enable_advertise_transit_cidr": true,
            "enable_bgp_over_lan": true,
            "enable_egress_transit_firenet": false,
            "enable_encrypt_volume": false,
            "enable_firenet": false,
            "enable_gateway_load_balancer": false,
            "enable_hybrid_connection": false,
            "enable_jumbo_frame": true,
            "enable_learned_cidrs_approval": false,
            "enable_monitor_gateway_subnets": false,
            "enable_multi_tier_transit": false,
            "enable_private_oob": false,
            "enable_s2c_rx_balancing": false,
            "enable_segmentation": false,
            "enable_spot_instance": null,
            "enable_transit_firenet": true,
            "enable_transit_summarize_cidr_to_tgw": false,
            "enable_vpc_dns_server": false,
            "excluded_advertised_spoke_routes": "",
            "fault_domain": null,
            "filtered_spoke_vpc_routes": "",
            "gw_name": "avxtransit140-gw",
            "gw_size": "Standard_B4ms",
            "ha_availability_domain": null,
            "ha_azure_eip_name_resource_group": null,
            "ha_bgp_lan_interfaces": [],
            "ha_bgp_lan_ip_list": [],
            "ha_cloud_instance_id": "av-gw-avxtransit140-gw-hagw",
            "ha_eip": "20.81.32.201",
            "ha_fault_domain": null,
            "ha_gw_name": "avxtransit140-gw-hagw",
            "ha_gw_size": "Standard_B4ms",
            "ha_image_version": "aviatrix-companion-gateway-v9",
            "ha_insane_mode_az": "",
            "ha_lan_interface_cidr": "10.0.140.144/28",
            "ha_oob_availability_zone": null,
            "ha_oob_management_subnet": null,
            "ha_private_ip": "10.0.140.36",
            "ha_security_group_id": "",
            "ha_software_version": "6.7.1186",
            "ha_subnet": "10.0.140.32/28",
            "ha_zone": "",
            "id": "avxtransit140-gw",
            "image_version": "aviatrix-companion-gateway-v9",
            "insane_mode": false,
            "insane_mode_az": "",
            "lan_interface_cidr": "10.0.140.80/28",
            "lan_private_subnet": null,
            "lan_vpc_id": null,
            "learned_cidrs_approval_mode": "gateway",
            "local_as_number": "",
            "monitor_exclude_list": [],
            "oob_availability_zone": null,
            "oob_management_subnet": null,
            "prepend_as_path": [],
            "private_ip": "10.0.140.4",
            "rx_queue_size": "",
            "security_group_id": "",
            "single_az_ha": false,
            "single_ip_snat": false,
            "software_version": "6.7.1186",
            "spot_price": null,
            "subnet": "10.0.140.0/28",
            "tag_list": null,
            "tags": {},
            "tunnel_detection_time": 60,
            "vpc_id": "avxtransit140:rg-av-avxtransit140-466583:23e23deb-2422-4a7d-9a46-39875f3baaef",
            "vpc_reg": "East US",
            "zone": null
          },
          "sensitive_attributes": [],
          "private": "eyJzY2hlbWFfdmVyc2lvbiI6IjEifQ==",
          "dependencies": [
            "module.avxtransit.aviatrix_vpc.transit_firenet_vpc"
          ]
        }
      ]
    },
    {
      "module": "module.avxtransit",
      "mode": "managed",
      "type": "aviatrix_vpc",
      "name": "transit_firenet_vpc",
      "provider": "provider[\"registry.terraform.io/aviatrixsystems/aviatrix\"]",
      "instances": [
        {
          "schema_version": 1,
          "attributes": {
            "account_name": "AZURE",
            "availability_domains": [],
            "aviatrix_firenet_vpc": true,
            "aviatrix_transit_vpc": false,
            "azure_vnet_resource_id": "/subscriptions/2d058077-13cf-445e-acdc-997e4036a37e/resourceGroups/rg-av-avxtransit140-466583/providers/Microsoft.Network/virtualNetworks/avxtransit140",
            "cidr": "10.0.140.0/24",
            "cloud_type": 8,
            "enable_native_gwlb": false,
            "enable_private_oob_subnet": false,
            "fault_domains": [],
            "id": "avxtransit140",
            "name": "avxtransit140",
            "num_of_subnet_pairs": null,
            "private_subnets": [],
            "public_subnets": [
              {
                "cidr": "10.0.140.0/28",
                "name": "avxtransit140-Public-FW-ingress-egress-1",
                "subnet_id": "/subscriptions/2d058077-13cf-445e-acdc-997e4036a37e/resourceGroups/rg-av-avxtransit140-466583/providers/Microsoft.Network/virtualNetworks/avxtransit140/subnets/avxtransit140-Public-FW-ingress-egress-1"
              },
              {
                "cidr": "10.0.140.16/28",
                "name": "avxtransit140-Public-FW-ingress-egress-2",
                "subnet_id": "/subscriptions/2d058077-13cf-445e-acdc-997e4036a37e/resourceGroups/rg-av-avxtransit140-466583/providers/Microsoft.Network/virtualNetworks/avxtransit140/subnets/avxtransit140-Public-FW-ingress-egress-2"
              },
              {
                "cidr": "10.0.140.32/28",
                "name": "avxtransit140-Public-gateway-and-firewall-mgmt-1",
                "subnet_id": "/subscriptions/2d058077-13cf-445e-acdc-997e4036a37e/resourceGroups/rg-av-avxtransit140-466583/providers/Microsoft.Network/virtualNetworks/avxtransit140/subnets/avxtransit140-Public-gateway-and-firewall-mgmt-1"
              },
              {
                "cidr": "10.0.140.48/28",
                "name": "avxtransit140-Public-gateway-and-firewall-mgmt-2",
                "subnet_id": "/subscriptions/2d058077-13cf-445e-acdc-997e4036a37e/resourceGroups/rg-av-avxtransit140-466583/providers/Microsoft.Network/virtualNetworks/avxtransit140/subnets/avxtransit140-Public-gateway-and-firewall-mgmt-2"
              }
            ],
            "region": "East US",
            "resource_group": "rg-av-avxtransit140-466583",
            "route_tables": [
              "av-gw-avxtransit140-gw-hagw-eth3--bgp_lan:rg-av-avxtransit140-466583",
              "av-gw-avxtransit140-gw-eth3--bgp_lan:rg-av-avxtransit140-466583",
              "av-gw-avxtransit140-gw-hagw-dmz-firewall:rg-av-avxtransit140-466583",
              "av-gw-avxtransit140-gw-dmz-firewall:rg-av-avxtransit140-466583",
              "av-gw-avxtransit140-gw-hagw-dmz-firewall-lan:rg-av-avxtransit140-466583",
              "aviatrix-avxtransit140-gw_rtb:rg-av-avxtransit140-466583",
              "avxtransit140---10-80-0-239-public:rg-av-avxtransit140-466583",
              "av-gw-avxtransit140-gw-dmz-firewall-lan:rg-av-avxtransit140-466583"
            ],
            "subnet_size": null,
            "subnets": [
              {
                "cidr": "10.0.140.0/28",
                "name": "avxtransit140-Public-FW-ingress-egress-1",
                "region": "",
                "subnet_id": "/subscriptions/2d058077-13cf-445e-acdc-997e4036a37e/resourceGroups/rg-av-avxtransit140-466583/providers/Microsoft.Network/virtualNetworks/avxtransit140/subnets/avxtransit140-Public-FW-ingress-egress-1"
              },
              {
                "cidr": "10.0.140.16/28",
                "name": "avxtransit140-Public-FW-ingress-egress-2",
                "region": "",
                "subnet_id": "/subscriptions/2d058077-13cf-445e-acdc-997e4036a37e/resourceGroups/rg-av-avxtransit140-466583/providers/Microsoft.Network/virtualNetworks/avxtransit140/subnets/avxtransit140-Public-FW-ingress-egress-2"
              },
              {
                "cidr": "10.0.140.32/28",
                "name": "avxtransit140-Public-gateway-and-firewall-mgmt-1",
                "region": "",
                "subnet_id": "/subscriptions/2d058077-13cf-445e-acdc-997e4036a37e/resourceGroups/rg-av-avxtransit140-466583/providers/Microsoft.Network/virtualNetworks/avxtransit140/subnets/avxtransit140-Public-gateway-and-firewall-mgmt-1"
              },
              {
                "cidr": "10.0.140.48/28",
                "name": "avxtransit140-Public-gateway-and-firewall-mgmt-2",
                "region": "",
                "subnet_id": "/subscriptions/2d058077-13cf-445e-acdc-997e4036a37e/resourceGroups/rg-av-avxtransit140-466583/providers/Microsoft.Network/virtualNetworks/avxtransit140/subnets/avxtransit140-Public-gateway-and-firewall-mgmt-2"
              }
            ],
            "vpc_id": "avxtransit140:rg-av-avxtransit140-466583:23e23deb-2422-4a7d-9a46-39875f3baaef"
          },
          "sensitive_attributes": [],
          "private": "eyJzY2hlbWFfdmVyc2lvbiI6IjEifQ=="
        }
      ]
    },
    {
      "module": "module.avxtransit_aztransit_peering",
      "mode": "managed",
      "type": "azurerm_virtual_network_peering",
      "name": "vnet1_vnet2",
      "provider": "provider[\"registry.terraform.io/hashicorp/azurerm\"]",
      "instances": [
        {
          "schema_version": 0,
          "attributes": {
            "allow_forwarded_traffic": true,
            "allow_gateway_transit": false,
            "allow_virtual_network_access": true,
            "id": "/subscriptions/2d058077-13cf-445e-acdc-997e4036a37e/resourceGroups/rg-av-avxtransit140-466583/providers/Microsoft.Network/virtualNetworks/avxtransit140/virtualNetworkPeerings/avxtransit140-transit110_vnet",
            "name": "avxtransit140-transit110_vnet",
            "remote_virtual_network_id": "/subscriptions/2d058077-13cf-445e-acdc-997e4036a37e/resourceGroups/aztransit110-rg/providers/Microsoft.Network/virtualNetworks/transit110_vnet",
            "resource_group_name": "rg-av-avxtransit140-466583",
            "timeouts": null,
            "use_remote_gateways": false,
            "virtual_network_name": "avxtransit140"
          },
          "sensitive_attributes": [],
          "private": "eyJlMmJmYjczMC1lY2FhLTExZTYtOGY4OC0zNDM2M2JjN2M0YzAiOnsiY3JlYXRlIjoxODAwMDAwMDAwMDAwLCJkZWxldGUiOjE4MDAwMDAwMDAwMDAsInJlYWQiOjMwMDAwMDAwMDAwMCwidXBkYXRlIjoxODAwMDAwMDAwMDAwfX0=",
          "dependencies": [
            "module.avxtransit.aviatrix_firenet.firenet_1",
            "module.avxtransit.aviatrix_transit_gateway.transit_gw",
            "module.avxtransit.aviatrix_vpc.transit_firenet_vpc",
            "module.transit.azurerm_lb.internal_lb",
            "module.transit.azurerm_lb_backend_address_pool.bep",
            "module.transit.azurerm_lb_probe.hp",
            "module.transit.azurerm_lb_rule.lb_rule",
            "module.transit.azurerm_linux_virtual_machine.internal_fw0",
            "module.transit.azurerm_linux_virtual_machine.internal_fw1",
            "module.transit.azurerm_network_interface.fw0_outbound_nic0",
            "module.transit.azurerm_network_interface.fw0_trust_nic2",
            "module.transit.azurerm_network_interface.fw0_untrust_nic1",
            "module.transit.azurerm_network_interface.fw1_outbound_nic0",
            "module.transit.azurerm_network_interface.fw1_trust_nic2",
            "module.transit.azurerm_network_interface.fw1_untrust_nic1",
            "module.transit.azurerm_network_interface_backend_address_pool_association.fw0_trust_nic2_bep",
            "module.transit.azurerm_network_interface_backend_address_pool_association.fw1_trust_nic2_bep",
            "module.transit.azurerm_network_security_group.nsg_mgmt",
            "module.transit.azurerm_network_security_group.nsg_trust",
            "module.transit.azurerm_public_ip.mgmt_pip0",
            "module.transit.azurerm_public_ip.mgmt_pip1",
            "module.transit.azurerm_public_ip.untrust_pip0",
            "module.transit.azurerm_public_ip.untrust_pip1",
            "module.transit.azurerm_resource_group.rg",
            "module.transit.azurerm_storage_account.storage",
            "module.transit.azurerm_subnet.mgmt_snet",
            "module.transit.azurerm_subnet.trust_snet",
            "module.transit.azurerm_subnet.untrust_snet",
            "module.transit.azurerm_subnet_network_security_group_association.mgmtnsg_assoc",
            "module.transit.azurerm_subnet_network_security_group_association.tfer--Trust_network_security_group_association",
            "module.transit.azurerm_virtual_network.vnet"
          ]
        }
      ]
    },
    {
      "module": "module.avxtransit_aztransit_peering",
      "mode": "managed",
      "type": "azurerm_virtual_network_peering",
      "name": "vnet2_vnet1",
      "provider": "provider[\"registry.terraform.io/hashicorp/azurerm\"]",
      "instances": [
        {
          "schema_version": 0,
          "attributes": {
            "allow_forwarded_traffic": true,
            "allow_gateway_transit": false,
            "allow_virtual_network_access": true,
            "id": "/subscriptions/2d058077-13cf-445e-acdc-997e4036a37e/resourceGroups/aztransit110-rg/providers/Microsoft.Network/virtualNetworks/transit110_vnet/virtualNetworkPeerings/avxtransit140-transit110_vnet",
            "name": "avxtransit140-transit110_vnet",
            "remote_virtual_network_id": "/subscriptions/2d058077-13cf-445e-acdc-997e4036a37e/resourceGroups/rg-av-avxtransit140-466583/providers/Microsoft.Network/virtualNetworks/avxtransit140",
            "resource_group_name": "aztransit110-rg",
            "timeouts": null,
            "use_remote_gateways": false,
            "virtual_network_name": "transit110_vnet"
          },
          "sensitive_attributes": [],
          "private": "eyJlMmJmYjczMC1lY2FhLTExZTYtOGY4OC0zNDM2M2JjN2M0YzAiOnsiY3JlYXRlIjoxODAwMDAwMDAwMDAwLCJkZWxldGUiOjE4MDAwMDAwMDAwMDAsInJlYWQiOjMwMDAwMDAwMDAwMCwidXBkYXRlIjoxODAwMDAwMDAwMDAwfX0=",
          "dependencies": [
            "data.azurerm_client_config.current",
            "module.avxtransit.aviatrix_firenet.firenet_1",
            "module.avxtransit.aviatrix_transit_gateway.transit_gw",
            "module.avxtransit.aviatrix_vpc.transit_firenet_vpc",
            "module.avxtransit_aztransit_peering.azurerm_virtual_network_peering.vnet1_vnet2",
            "module.transit.azurerm_lb.internal_lb",
            "module.transit.azurerm_lb_backend_address_pool.bep",
            "module.transit.azurerm_lb_probe.hp",
            "module.transit.azurerm_lb_rule.lb_rule",
            "module.transit.azurerm_linux_virtual_machine.internal_fw0",
            "module.transit.azurerm_linux_virtual_machine.internal_fw1",
            "module.transit.azurerm_network_interface.fw0_outbound_nic0",
            "module.transit.azurerm_network_interface.fw0_trust_nic2",
            "module.transit.azurerm_network_interface.fw0_untrust_nic1",
            "module.transit.azurerm_network_interface.fw1_outbound_nic0",
            "module.transit.azurerm_network_interface.fw1_trust_nic2",
            "module.transit.azurerm_network_interface.fw1_untrust_nic1",
            "module.transit.azurerm_network_interface_backend_address_pool_association.fw0_trust_nic2_bep",
            "module.transit.azurerm_network_interface_backend_address_pool_association.fw1_trust_nic2_bep",
            "module.transit.azurerm_network_security_group.nsg_mgmt",
            "module.transit.azurerm_network_security_group.nsg_trust",
            "module.transit.azurerm_public_ip.mgmt_pip0",
            "module.transit.azurerm_public_ip.mgmt_pip1",
            "module.transit.azurerm_public_ip.untrust_pip0",
            "module.transit.azurerm_public_ip.untrust_pip1",
            "module.transit.azurerm_resource_group.rg",
            "module.transit.azurerm_storage_account.storage",
            "module.transit.azurerm_subnet.mgmt_snet",
            "module.transit.azurerm_subnet.trust_snet",
            "module.transit.azurerm_subnet.untrust_snet",
            "module.transit.azurerm_subnet_network_security_group_association.mgmtnsg_assoc",
            "module.transit.azurerm_subnet_network_security_group_association.tfer--Trust_network_security_group_association",
            "module.transit.azurerm_virtual_network.vnet"
          ]
        }
      ]
    },
    {
      "module": "module.az_spoke1",
      "mode": "managed",
      "type": "azurerm_resource_group",
      "name": "spoke_rg",
      "provider": "provider[\"registry.terraform.io/hashicorp/azurerm\"]",
      "instances": [
        {
          "schema_version": 0,
          "attributes": {
            "id": "/subscriptions/2d058077-13cf-445e-acdc-997e4036a37e/resourceGroups/dwBy-azspoke1rg",
            "location": "eastus",
            "name": "dwBy-azspoke1rg",
            "tags": {},
            "timeouts": null
          },
          "sensitive_attributes": [],
          "private": "eyJlMmJmYjczMC1lY2FhLTExZTYtOGY4OC0zNDM2M2JjN2M0YzAiOnsiY3JlYXRlIjo1NDAwMDAwMDAwMDAwLCJkZWxldGUiOjU0MDAwMDAwMDAwMDAsInJlYWQiOjMwMDAwMDAwMDAwMCwidXBkYXRlIjo1NDAwMDAwMDAwMDAwfX0=",
          "dependencies": [
            "random_string.env"
          ]
        }
      ]
    },
    {
      "module": "module.az_spoke1",
      "mode": "managed",
      "type": "azurerm_route_table",
      "name": "defaultBackendUDR",
      "provider": "provider[\"registry.terraform.io/hashicorp/azurerm\"]",
      "instances": [
        {
          "schema_version": 0,
          "attributes": {
            "disable_bgp_route_propagation": true,
            "id": "/subscriptions/2d058077-13cf-445e-acdc-997e4036a37e/resourceGroups/dwBy-azspoke1rg/providers/Microsoft.Network/routeTables/backend_spoke151_rtb",
            "location": "eastus",
            "name": "backend_spoke151_rtb",
            "resource_group_name": "dwBy-azspoke1rg",
            "route": [
              {
                "address_prefix": "10.0.0.0/8",
                "name": "10-0-0-0-8",
                "next_hop_in_ip_address": "10.198.10.174",
                "next_hop_type": "VirtualAppliance"
              },
              {
                "address_prefix": "172.16.0.0/12",
                "name": "172-16-0-0-12",
                "next_hop_in_ip_address": "10.198.10.174",
                "next_hop_type": "VirtualAppliance"
              },
              {
                "address_prefix": "192.168.0.0/16",
                "name": "192-168-0-0-16",
                "next_hop_in_ip_address": "10.198.10.174",
                "next_hop_type": "VirtualAppliance"
              }
            ],
            "subnets": [
              "/subscriptions/2d058077-13cf-445e-acdc-997e4036a37e/resourceGroups/dwBy-azspoke1rg/providers/Microsoft.Network/virtualNetworks/spoke151/subnets/backend"
            ],
            "tags": {},
            "timeouts": null
          },
          "sensitive_attributes": [],
          "private": "eyJlMmJmYjczMC1lY2FhLTExZTYtOGY4OC0zNDM2M2JjN2M0YzAiOnsiY3JlYXRlIjoxODAwMDAwMDAwMDAwLCJkZWxldGUiOjE4MDAwMDAwMDAwMDAsInJlYWQiOjMwMDAwMDAwMDAwMCwidXBkYXRlIjoxODAwMDAwMDAwMDAwfX0=",
          "dependencies": [
            "module.az_spoke1.azurerm_resource_group.spoke_rg",
            "random_string.env"
          ]
        }
      ]
    },
    {
      "module": "module.az_spoke1",
      "mode": "managed",
      "type": "azurerm_subnet",
      "name": "backend_snet",
      "provider": "provider[\"registry.terraform.io/hashicorp/azurerm\"]",
      "instances": [
        {
          "schema_version": 0,
          "attributes": {
            "address_prefixes": [
              "10.0.151.0/28"
            ],
            "delegation": [],
            "enforce_private_link_endpoint_network_policies": false,
            "enforce_private_link_service_network_policies": false,
            "id": "/subscriptions/2d058077-13cf-445e-acdc-997e4036a37e/resourceGroups/dwBy-azspoke1rg/providers/Microsoft.Network/virtualNetworks/spoke151/subnets/backend",
            "name": "backend",
            "resource_group_name": "dwBy-azspoke1rg",
            "service_endpoint_policy_ids": [],
            "service_endpoints": [],
            "timeouts": null,
            "virtual_network_name": "spoke151"
          },
          "sensitive_attributes": [],
          "private": "eyJlMmJmYjczMC1lY2FhLTExZTYtOGY4OC0zNDM2M2JjN2M0YzAiOnsiY3JlYXRlIjoxODAwMDAwMDAwMDAwLCJkZWxldGUiOjE4MDAwMDAwMDAwMDAsInJlYWQiOjMwMDAwMDAwMDAwMCwidXBkYXRlIjoxODAwMDAwMDAwMDAwfX0=",
          "dependencies": [
            "module.az_spoke1.azurerm_resource_group.spoke_rg",
            "module.az_spoke1.azurerm_virtual_network.vnet",
            "random_string.env"
          ]
        }
      ]
    },
    {
      "module": "module.az_spoke1",
      "mode": "managed",
      "type": "azurerm_subnet_route_table_association",
      "name": "backendsnet_rtb_assoc",
      "provider": "provider[\"registry.terraform.io/hashicorp/azurerm\"]",
      "instances": [
        {
          "schema_version": 0,
          "attributes": {
            "id": "/subscriptions/2d058077-13cf-445e-acdc-997e4036a37e/resourceGroups/dwBy-azspoke1rg/providers/Microsoft.Network/virtualNetworks/spoke151/subnets/backend",
            "route_table_id": "/subscriptions/2d058077-13cf-445e-acdc-997e4036a37e/resourceGroups/dwBy-azspoke1rg/providers/Microsoft.Network/routeTables/backend_spoke151_rtb",
            "subnet_id": "/subscriptions/2d058077-13cf-445e-acdc-997e4036a37e/resourceGroups/dwBy-azspoke1rg/providers/Microsoft.Network/virtualNetworks/spoke151/subnets/backend",
            "timeouts": null
          },
          "sensitive_attributes": [],
          "private": "eyJlMmJmYjczMC1lY2FhLTExZTYtOGY4OC0zNDM2M2JjN2M0YzAiOnsiY3JlYXRlIjoxODAwMDAwMDAwMDAwLCJkZWxldGUiOjE4MDAwMDAwMDAwMDAsInJlYWQiOjMwMDAwMDAwMDAwMCwidXBkYXRlIjoxODAwMDAwMDAwMDAwfX0=",
          "dependencies": [
            "module.az_spoke1.azurerm_resource_group.spoke_rg",
            "module.az_spoke1.azurerm_route_table.defaultBackendUDR",
            "module.az_spoke1.azurerm_subnet.backend_snet",
            "module.az_spoke1.azurerm_virtual_network.vnet",
            "random_string.env"
          ]
        }
      ]
    },
    {
      "module": "module.az_spoke1",
      "mode": "managed",
      "type": "azurerm_virtual_network",
      "name": "vnet",
      "provider": "provider[\"registry.terraform.io/hashicorp/azurerm\"]",
      "instances": [
        {
          "schema_version": 0,
          "attributes": {
            "address_space": [
              "10.0.151.0/24"
            ],
            "bgp_community": "",
            "ddos_protection_plan": [],
            "dns_servers": [],
            "edge_zone": "",
            "flow_timeout_in_minutes": 0,
            "guid": "577c856d-40c2-4efb-a267-51a3cff64681",
            "id": "/subscriptions/2d058077-13cf-445e-acdc-997e4036a37e/resourceGroups/dwBy-azspoke1rg/providers/Microsoft.Network/virtualNetworks/spoke151",
            "location": "eastus",
            "name": "spoke151",
            "resource_group_name": "dwBy-azspoke1rg",
            "subnet": [
              {
                "address_prefix": "10.0.151.0/28",
                "id": "/subscriptions/2d058077-13cf-445e-acdc-997e4036a37e/resourceGroups/dwBy-azspoke1rg/providers/Microsoft.Network/virtualNetworks/spoke151/subnets/backend",
                "name": "backend",
                "security_group": ""
              }
            ],
            "tags": {},
            "timeouts": null
          },
          "sensitive_attributes": [],
          "private": "eyJlMmJmYjczMC1lY2FhLTExZTYtOGY4OC0zNDM2M2JjN2M0YzAiOnsiY3JlYXRlIjoxODAwMDAwMDAwMDAwLCJkZWxldGUiOjE4MDAwMDAwMDAwMDAsInJlYWQiOjMwMDAwMDAwMDAwMCwidXBkYXRlIjoxODAwMDAwMDAwMDAwfX0=",
          "dependencies": [
            "module.az_spoke1.azurerm_resource_group.spoke_rg",
            "random_string.env"
          ]
        }
      ]
    },
    {
      "module": "module.az_spoke1_compute",
      "mode": "managed",
      "type": "azurerm_linux_virtual_machine",
      "name": "vm",
      "provider": "provider[\"registry.terraform.io/hashicorp/azurerm\"]",
      "instances": [
        {
          "schema_version": 0,
          "attributes": {
            "additional_capabilities": [],
            "admin_password": "Aviatrix123#",
            "admin_ssh_key": [],
            "admin_username": "azureuser",
            "allow_extension_operations": true,
            "availability_set_id": "",
            "boot_diagnostics": [
              {
                "storage_account_uri": "http://dwbyazspoke1storage.blob.core.windows.net"
              }
            ],
            "computer_name": "vm151",
            "custom_data": null,
            "dedicated_host_group_id": "",
            "dedicated_host_id": "",
            "disable_password_authentication": false,
            "edge_zone": "",
            "encryption_at_host_enabled": false,
            "eviction_policy": "",
            "extensions_time_budget": "PT1H30M",
            "id": "/subscriptions/2d058077-13cf-445e-acdc-997e4036a37e/resourceGroups/dwBy-azspoke1computerg/providers/Microsoft.Compute/virtualMachines/vm151",
            "identity": [],
            "license_type": "",
            "location": "eastus",
            "max_bid_price": -1,
            "name": "vm151",
            "network_interface_ids": [
              "/subscriptions/2d058077-13cf-445e-acdc-997e4036a37e/resourceGroups/dwBy-azspoke1computerg/providers/Microsoft.Network/networkInterfaces/vm151_nic"
            ],
            "os_disk": [
              {
                "caching": "ReadWrite",
                "diff_disk_settings": [],
                "disk_encryption_set_id": "",
                "disk_size_gb": 30,
                "name": "osdisk",
                "secure_vm_disk_encryption_set_id": "",
                "security_encryption_type": "",
                "storage_account_type": "Standard_LRS",
                "write_accelerator_enabled": false
              }
            ],
            "patch_mode": "ImageDefault",
            "plan": [],
            "platform_fault_domain": -1,
            "priority": "Regular",
            "private_ip_address": "10.0.151.4",
            "private_ip_addresses": [
              "10.0.151.4"
            ],
            "provision_vm_agent": true,
            "proximity_placement_group_id": "",
            "public_ip_address": "",
            "public_ip_addresses": [],
            "resource_group_name": "dwBy-azspoke1computerg",
            "secret": [],
            "secure_boot_enabled": false,
            "size": "Standard_D1_v2",
            "source_image_id": "",
            "source_image_reference": [
              {
                "offer": "UbuntuServer",
                "publisher": "Canonical",
                "sku": "16.04.0-LTS",
                "version": "latest"
              }
            ],
            "tags": {},
            "termination_notification": [],
            "timeouts": null,
            "user_data": "",
            "virtual_machine_id": "c8107b23-f44b-45bb-8344-038a4b6ebac6",
            "virtual_machine_scale_set_id": "",
            "vtpm_enabled": false,
            "zone": ""
          },
          "sensitive_attributes": [],
          "private": "eyJlMmJmYjczMC1lY2FhLTExZTYtOGY4OC0zNDM2M2JjN2M0YzAiOnsiY3JlYXRlIjoyNzAwMDAwMDAwMDAwLCJkZWxldGUiOjI3MDAwMDAwMDAwMDAsInJlYWQiOjMwMDAwMDAwMDAwMCwidXBkYXRlIjoyNzAwMDAwMDAwMDAwfX0=",
          "dependencies": [
            "module.az_spoke1.azurerm_resource_group.spoke_rg",
            "module.az_spoke1.azurerm_route_table.defaultBackendUDR",
            "module.az_spoke1.azurerm_subnet.backend_snet",
            "module.az_spoke1.azurerm_subnet_route_table_association.backendsnet_rtb_assoc",
            "module.az_spoke1.azurerm_virtual_network.vnet",
            "module.az_spoke1_compute.azurerm_network_interface.vm_nic",
            "module.az_spoke1_compute.azurerm_resource_group.compute_rg",
            "module.az_spoke1_compute.azurerm_storage_account.storage",
            "random_string.env"
          ]
        }
      ]
    },
    {
      "module": "module.az_spoke1_compute",
      "mode": "managed",
      "type": "azurerm_network_interface",
      "name": "vm_nic",
      "provider": "provider[\"registry.terraform.io/hashicorp/azurerm\"]",
      "instances": [
        {
          "schema_version": 0,
          "attributes": {
            "applied_dns_servers": [],
            "dns_servers": [],
            "edge_zone": "",
            "enable_accelerated_networking": false,
            "enable_ip_forwarding": false,
            "id": "/subscriptions/2d058077-13cf-445e-acdc-997e4036a37e/resourceGroups/dwBy-azspoke1computerg/providers/Microsoft.Network/networkInterfaces/vm151_nic",
            "internal_dns_name_label": "",
            "internal_domain_name_suffix": "nwcxyv4cid3u3ithkgr253sgqb.bx.internal.cloudapp.net",
            "ip_configuration": [
              {
                "gateway_load_balancer_frontend_ip_configuration_id": "",
                "name": "ipconfig1",
                "primary": true,
                "private_ip_address": "10.0.151.4",
                "private_ip_address_allocation": "Dynamic",
                "private_ip_address_version": "IPv4",
                "public_ip_address_id": "",
                "subnet_id": "/subscriptions/2d058077-13cf-445e-acdc-997e4036a37e/resourceGroups/dwBy-azspoke1rg/providers/Microsoft.Network/virtualNetworks/spoke151/subnets/backend"
              }
            ],
            "location": "eastus",
            "mac_address": "00-0D-3A-54-BA-D9",
            "name": "vm151_nic",
            "private_ip_address": "10.0.151.4",
            "private_ip_addresses": [
              "10.0.151.4"
            ],
            "resource_group_name": "dwBy-azspoke1computerg",
            "tags": {},
            "timeouts": null,
            "virtual_machine_id": "/subscriptions/2d058077-13cf-445e-acdc-997e4036a37e/resourceGroups/dwBy-azspoke1computerg/providers/Microsoft.Compute/virtualMachines/vm151"
          },
          "sensitive_attributes": [],
          "private": "eyJlMmJmYjczMC1lY2FhLTExZTYtOGY4OC0zNDM2M2JjN2M0YzAiOnsiY3JlYXRlIjoxODAwMDAwMDAwMDAwLCJkZWxldGUiOjE4MDAwMDAwMDAwMDAsInJlYWQiOjMwMDAwMDAwMDAwMCwidXBkYXRlIjoxODAwMDAwMDAwMDAwfX0=",
          "dependencies": [
            "module.az_spoke1.azurerm_resource_group.spoke_rg",
            "module.az_spoke1.azurerm_route_table.defaultBackendUDR",
            "module.az_spoke1.azurerm_subnet.backend_snet",
            "module.az_spoke1.azurerm_subnet_route_table_association.backendsnet_rtb_assoc",
            "module.az_spoke1.azurerm_virtual_network.vnet",
            "module.az_spoke1_compute.azurerm_resource_group.compute_rg",
            "random_string.env"
          ]
        }
      ]
    },
    {
      "module": "module.az_spoke1_compute",
      "mode": "managed",
      "type": "azurerm_network_interface_security_group_association",
      "name": "nic_nsg",
      "provider": "provider[\"registry.terraform.io/hashicorp/azurerm\"]",
      "instances": [
        {
          "schema_version": 0,
          "attributes": {
            "id": "/subscriptions/2d058077-13cf-445e-acdc-997e4036a37e/resourceGroups/dwBy-azspoke1computerg/providers/Microsoft.Network/networkInterfaces/vm151_nic|/subscriptions/2d058077-13cf-445e-acdc-997e4036a37e/resourceGroups/dwBy-azspoke1computerg/providers/Microsoft.Network/networkSecurityGroups/vm151_nsg",
            "network_interface_id": "/subscriptions/2d058077-13cf-445e-acdc-997e4036a37e/resourceGroups/dwBy-azspoke1computerg/providers/Microsoft.Network/networkInterfaces/vm151_nic",
            "network_security_group_id": "/subscriptions/2d058077-13cf-445e-acdc-997e4036a37e/resourceGroups/dwBy-azspoke1computerg/providers/Microsoft.Network/networkSecurityGroups/vm151_nsg",
            "timeouts": null
          },
          "sensitive_attributes": [],
          "private": "eyJlMmJmYjczMC1lY2FhLTExZTYtOGY4OC0zNDM2M2JjN2M0YzAiOnsiY3JlYXRlIjoxODAwMDAwMDAwMDAwLCJkZWxldGUiOjE4MDAwMDAwMDAwMDAsInJlYWQiOjMwMDAwMDAwMDAwMCwidXBkYXRlIjoxODAwMDAwMDAwMDAwfX0=",
          "dependencies": [
            "module.az_spoke1.azurerm_resource_group.spoke_rg",
            "module.az_spoke1.azurerm_route_table.defaultBackendUDR",
            "module.az_spoke1.azurerm_subnet.backend_snet",
            "module.az_spoke1.azurerm_subnet_route_table_association.backendsnet_rtb_assoc",
            "module.az_spoke1.azurerm_virtual_network.vnet",
            "module.az_spoke1_compute.azurerm_linux_virtual_machine.vm",
            "module.az_spoke1_compute.azurerm_network_interface.vm_nic",
            "module.az_spoke1_compute.azurerm_network_security_group.nsg",
            "module.az_spoke1_compute.azurerm_resource_group.compute_rg",
            "module.az_spoke1_compute.azurerm_storage_account.storage",
            "random_string.env"
          ]
        }
      ]
    },
    {
      "module": "module.az_spoke1_compute",
      "mode": "managed",
      "type": "azurerm_network_security_group",
      "name": "nsg",
      "provider": "provider[\"registry.terraform.io/hashicorp/azurerm\"]",
      "instances": [
        {
          "schema_version": 0,
          "attributes": {
            "id": "/subscriptions/2d058077-13cf-445e-acdc-997e4036a37e/resourceGroups/dwBy-azspoke1computerg/providers/Microsoft.Network/networkSecurityGroups/vm151_nsg",
            "location": "eastus",
            "name": "vm151_nsg",
            "resource_group_name": "dwBy-azspoke1computerg",
            "security_rule": [],
            "tags": {},
            "timeouts": null
          },
          "sensitive_attributes": [],
          "private": "eyJlMmJmYjczMC1lY2FhLTExZTYtOGY4OC0zNDM2M2JjN2M0YzAiOnsiY3JlYXRlIjoxODAwMDAwMDAwMDAwLCJkZWxldGUiOjE4MDAwMDAwMDAwMDAsInJlYWQiOjMwMDAwMDAwMDAwMCwidXBkYXRlIjoxODAwMDAwMDAwMDAwfX0=",
          "dependencies": [
            "module.az_spoke1.azurerm_resource_group.spoke_rg",
            "module.az_spoke1.azurerm_route_table.defaultBackendUDR",
            "module.az_spoke1.azurerm_subnet.backend_snet",
            "module.az_spoke1.azurerm_subnet_route_table_association.backendsnet_rtb_assoc",
            "module.az_spoke1.azurerm_virtual_network.vnet",
            "module.az_spoke1_compute.azurerm_resource_group.compute_rg",
            "random_string.env"
          ]
        }
      ]
    },
    {
      "module": "module.az_spoke1_compute",
      "mode": "managed",
      "type": "azurerm_resource_group",
      "name": "compute_rg",
      "provider": "provider[\"registry.terraform.io/hashicorp/azurerm\"]",
      "instances": [
        {
          "schema_version": 0,
          "attributes": {
            "id": "/subscriptions/2d058077-13cf-445e-acdc-997e4036a37e/resourceGroups/dwBy-azspoke1computerg",
            "location": "eastus",
            "name": "dwBy-azspoke1computerg",
            "tags": {},
            "timeouts": null
          },
          "sensitive_attributes": [],
          "private": "eyJlMmJmYjczMC1lY2FhLTExZTYtOGY4OC0zNDM2M2JjN2M0YzAiOnsiY3JlYXRlIjo1NDAwMDAwMDAwMDAwLCJkZWxldGUiOjU0MDAwMDAwMDAwMDAsInJlYWQiOjMwMDAwMDAwMDAwMCwidXBkYXRlIjo1NDAwMDAwMDAwMDAwfX0=",
          "dependencies": [
            "module.az_spoke1.azurerm_resource_group.spoke_rg",
            "module.az_spoke1.azurerm_route_table.defaultBackendUDR",
            "module.az_spoke1.azurerm_subnet.backend_snet",
            "module.az_spoke1.azurerm_subnet_route_table_association.backendsnet_rtb_assoc",
            "module.az_spoke1.azurerm_virtual_network.vnet",
            "random_string.env"
          ]
        }
      ]
    },
    {
      "module": "module.az_spoke1_compute",
      "mode": "managed",
      "type": "azurerm_storage_account",
      "name": "storage",
      "provider": "provider[\"registry.terraform.io/hashicorp/azurerm\"]",
      "instances": [
        {
          "schema_version": 3,
          "attributes": {
            "access_tier": "",
            "account_kind": "Storage",
            "account_replication_type": "LRS",
            "account_tier": "Standard",
            "allow_nested_items_to_be_public": true,
            "azure_files_authentication": [],
            "blob_properties": [
              {
                "change_feed_enabled": false,
                "container_delete_retention_policy": [],
                "cors_rule": [],
                "default_service_version": "",
                "delete_retention_policy": [],
                "last_access_time_enabled": false,
                "versioning_enabled": false
              }
            ],
            "cross_tenant_replication_enabled": true,
            "custom_domain": [],
            "customer_managed_key": [],
            "edge_zone": "",
            "enable_https_traffic_only": true,
            "id": "/subscriptions/2d058077-13cf-445e-acdc-997e4036a37e/resourceGroups/dwBy-azspoke1computerg/providers/Microsoft.Storage/storageAccounts/dwbyazspoke1storage",
            "identity": [],
            "infrastructure_encryption_enabled": false,
            "is_hns_enabled": false,
            "large_file_share_enabled": null,
            "location": "eastus",
            "min_tls_version": "TLS1_2",
            "name": "dwbyazspoke1storage",
            "network_rules": [
              {
                "bypass": [
                  "AzureServices"
                ],
                "default_action": "Allow",
                "ip_rules": [],
                "private_link_access": [],
                "virtual_network_subnet_ids": []
              }
            ],
            "nfsv3_enabled": false,
            "primary_access_key": "KBFubPq30Uc1Z5QQvCxefy3Xy7V2Nlfqve/95+7im43IISsdb9wfb6WGoa3D7hERdbNWhJB0Hoz0+ASth9sJ3A==",
            "primary_blob_connection_string": "DefaultEndpointsProtocol=https;BlobEndpoint=https://dwbyazspoke1storage.blob.core.windows.net/;AccountName=dwbyazspoke1storage;AccountKey=KBFubPq30Uc1Z5QQvCxefy3Xy7V2Nlfqve/95+7im43IISsdb9wfb6WGoa3D7hERdbNWhJB0Hoz0+ASth9sJ3A==",
            "primary_blob_endpoint": "https://dwbyazspoke1storage.blob.core.windows.net/",
            "primary_blob_host": "dwbyazspoke1storage.blob.core.windows.net",
            "primary_connection_string": "DefaultEndpointsProtocol=https;AccountName=dwbyazspoke1storage;AccountKey=KBFubPq30Uc1Z5QQvCxefy3Xy7V2Nlfqve/95+7im43IISsdb9wfb6WGoa3D7hERdbNWhJB0Hoz0+ASth9sJ3A==;EndpointSuffix=core.windows.net",
            "primary_dfs_endpoint": "",
            "primary_dfs_host": "",
            "primary_file_endpoint": "https://dwbyazspoke1storage.file.core.windows.net/",
            "primary_file_host": "dwbyazspoke1storage.file.core.windows.net",
            "primary_location": "eastus",
            "primary_queue_endpoint": "https://dwbyazspoke1storage.queue.core.windows.net/",
            "primary_queue_host": "dwbyazspoke1storage.queue.core.windows.net",
            "primary_table_endpoint": "https://dwbyazspoke1storage.table.core.windows.net/",
            "primary_table_host": "dwbyazspoke1storage.table.core.windows.net",
            "primary_web_endpoint": "",
            "primary_web_host": "",
            "queue_encryption_key_type": "Service",
            "queue_properties": [
              {
                "cors_rule": [],
                "hour_metrics": [
                  {
                    "enabled": true,
                    "include_apis": true,
                    "retention_policy_days": 7,
                    "version": "1.0"
                  }
                ],
                "logging": [
                  {
                    "delete": false,
                    "read": false,
                    "retention_policy_days": 0,
                    "version": "1.0",
                    "write": false
                  }
                ],
                "minute_metrics": [
                  {
                    "enabled": false,
                    "include_apis": false,
                    "retention_policy_days": 0,
                    "version": "1.0"
                  }
                ]
              }
            ],
            "resource_group_name": "dwBy-azspoke1computerg",
            "routing": [],
            "secondary_access_key": "knkZzTvLLf+sQesg2VJ9ZTKs8fyiLkHtfo424ZDbKc6WJlIhcx/U8APuv9VktqKZZDf0Z3/eLmXm+AStn/KkLg==",
            "secondary_blob_connection_string": "",
            "secondary_blob_endpoint": null,
            "secondary_blob_host": null,
            "secondary_connection_string": "DefaultEndpointsProtocol=https;AccountName=dwbyazspoke1storage;AccountKey=knkZzTvLLf+sQesg2VJ9ZTKs8fyiLkHtfo424ZDbKc6WJlIhcx/U8APuv9VktqKZZDf0Z3/eLmXm+AStn/KkLg==;EndpointSuffix=core.windows.net",
            "secondary_dfs_endpoint": null,
            "secondary_dfs_host": null,
            "secondary_file_endpoint": null,
            "secondary_file_host": null,
            "secondary_location": "",
            "secondary_queue_endpoint": null,
            "secondary_queue_host": null,
            "secondary_table_endpoint": null,
            "secondary_table_host": null,
            "secondary_web_endpoint": null,
            "secondary_web_host": null,
            "share_properties": [
              {
                "cors_rule": [],
                "retention_policy": [
                  {
                    "days": 7
                  }
                ],
                "smb": []
              }
            ],
            "shared_access_key_enabled": true,
            "static_website": [],
            "table_encryption_key_type": "Service",
            "tags": {},
            "timeouts": null
          },
          "sensitive_attributes": [],
          "private": "eyJlMmJmYjczMC1lY2FhLTExZTYtOGY4OC0zNDM2M2JjN2M0YzAiOnsiY3JlYXRlIjozNjAwMDAwMDAwMDAwLCJkZWxldGUiOjM2MDAwMDAwMDAwMDAsInJlYWQiOjMwMDAwMDAwMDAwMCwidXBkYXRlIjozNjAwMDAwMDAwMDAwfSwic2NoZW1hX3ZlcnNpb24iOiIzIn0=",
          "dependencies": [
            "module.az_spoke1.azurerm_resource_group.spoke_rg",
            "module.az_spoke1.azurerm_route_table.defaultBackendUDR",
            "module.az_spoke1.azurerm_subnet.backend_snet",
            "module.az_spoke1.azurerm_subnet_route_table_association.backendsnet_rtb_assoc",
            "module.az_spoke1.azurerm_virtual_network.vnet",
            "module.az_spoke1_compute.azurerm_resource_group.compute_rg",
            "random_string.env"
          ]
        }
      ]
    },
    {
      "module": "module.az_spoke2",
      "mode": "managed",
      "type": "azurerm_resource_group",
      "name": "spoke_rg",
      "provider": "provider[\"registry.terraform.io/hashicorp/azurerm\"]",
      "instances": [
        {
          "schema_version": 0,
          "attributes": {
            "id": "/subscriptions/2d058077-13cf-445e-acdc-997e4036a37e/resourceGroups/dwBy-azspoke2rg",
            "location": "eastus",
            "name": "dwBy-azspoke2rg",
            "tags": {},
            "timeouts": null
          },
          "sensitive_attributes": [],
          "private": "eyJlMmJmYjczMC1lY2FhLTExZTYtOGY4OC0zNDM2M2JjN2M0YzAiOnsiY3JlYXRlIjo1NDAwMDAwMDAwMDAwLCJkZWxldGUiOjU0MDAwMDAwMDAwMDAsInJlYWQiOjMwMDAwMDAwMDAwMCwidXBkYXRlIjo1NDAwMDAwMDAwMDAwfX0=",
          "dependencies": [
            "random_string.env"
          ]
        }
      ]
    },
    {
      "module": "module.az_spoke2",
      "mode": "managed",
      "type": "azurerm_route_table",
      "name": "defaultBackendUDR",
      "provider": "provider[\"registry.terraform.io/hashicorp/azurerm\"]",
      "instances": [
        {
          "schema_version": 0,
          "attributes": {
            "disable_bgp_route_propagation": true,
            "id": "/subscriptions/2d058077-13cf-445e-acdc-997e4036a37e/resourceGroups/dwBy-azspoke2rg/providers/Microsoft.Network/routeTables/backend_spoke152_rtb",
            "location": "eastus",
            "name": "backend_spoke152_rtb",
            "resource_group_name": "dwBy-azspoke2rg",
            "route": [
              {
                "address_prefix": "10.0.0.0/8",
                "name": "10-0-0-0-8",
                "next_hop_in_ip_address": "10.198.10.174",
                "next_hop_type": "VirtualAppliance"
              },
              {
                "address_prefix": "172.16.0.0/12",
                "name": "172-16-0-0-12",
                "next_hop_in_ip_address": "10.198.10.174",
                "next_hop_type": "VirtualAppliance"
              },
              {
                "address_prefix": "192.168.0.0/16",
                "name": "192-168-0-0-16",
                "next_hop_in_ip_address": "10.198.10.174",
                "next_hop_type": "VirtualAppliance"
              }
            ],
            "subnets": [
              "/subscriptions/2d058077-13cf-445e-acdc-997e4036a37e/resourceGroups/dwBy-azspoke2rg/providers/Microsoft.Network/virtualNetworks/spoke152/subnets/backend"
            ],
            "tags": {},
            "timeouts": null
          },
          "sensitive_attributes": [],
          "private": "eyJlMmJmYjczMC1lY2FhLTExZTYtOGY4OC0zNDM2M2JjN2M0YzAiOnsiY3JlYXRlIjoxODAwMDAwMDAwMDAwLCJkZWxldGUiOjE4MDAwMDAwMDAwMDAsInJlYWQiOjMwMDAwMDAwMDAwMCwidXBkYXRlIjoxODAwMDAwMDAwMDAwfX0=",
          "dependencies": [
            "module.az_spoke2.azurerm_resource_group.spoke_rg",
            "random_string.env"
          ]
        }
      ]
    },
    {
      "module": "module.az_spoke2",
      "mode": "managed",
      "type": "azurerm_subnet",
      "name": "backend_snet",
      "provider": "provider[\"registry.terraform.io/hashicorp/azurerm\"]",
      "instances": [
        {
          "schema_version": 0,
          "attributes": {
            "address_prefixes": [
              "10.0.152.0/28"
            ],
            "delegation": [],
            "enforce_private_link_endpoint_network_policies": false,
            "enforce_private_link_service_network_policies": false,
            "id": "/subscriptions/2d058077-13cf-445e-acdc-997e4036a37e/resourceGroups/dwBy-azspoke2rg/providers/Microsoft.Network/virtualNetworks/spoke152/subnets/backend",
            "name": "backend",
            "resource_group_name": "dwBy-azspoke2rg",
            "service_endpoint_policy_ids": [],
            "service_endpoints": [],
            "timeouts": null,
            "virtual_network_name": "spoke152"
          },
          "sensitive_attributes": [],
          "private": "eyJlMmJmYjczMC1lY2FhLTExZTYtOGY4OC0zNDM2M2JjN2M0YzAiOnsiY3JlYXRlIjoxODAwMDAwMDAwMDAwLCJkZWxldGUiOjE4MDAwMDAwMDAwMDAsInJlYWQiOjMwMDAwMDAwMDAwMCwidXBkYXRlIjoxODAwMDAwMDAwMDAwfX0=",
          "dependencies": [
            "module.az_spoke2.azurerm_resource_group.spoke_rg",
            "module.az_spoke2.azurerm_virtual_network.vnet",
            "random_string.env"
          ]
        }
      ]
    },
    {
      "module": "module.az_spoke2",
      "mode": "managed",
      "type": "azurerm_subnet_route_table_association",
      "name": "backendsnet_rtb_assoc",
      "provider": "provider[\"registry.terraform.io/hashicorp/azurerm\"]",
      "instances": [
        {
          "schema_version": 0,
          "attributes": {
            "id": "/subscriptions/2d058077-13cf-445e-acdc-997e4036a37e/resourceGroups/dwBy-azspoke2rg/providers/Microsoft.Network/virtualNetworks/spoke152/subnets/backend",
            "route_table_id": "/subscriptions/2d058077-13cf-445e-acdc-997e4036a37e/resourceGroups/dwBy-azspoke2rg/providers/Microsoft.Network/routeTables/backend_spoke152_rtb",
            "subnet_id": "/subscriptions/2d058077-13cf-445e-acdc-997e4036a37e/resourceGroups/dwBy-azspoke2rg/providers/Microsoft.Network/virtualNetworks/spoke152/subnets/backend",
            "timeouts": null
          },
          "sensitive_attributes": [],
          "private": "eyJlMmJmYjczMC1lY2FhLTExZTYtOGY4OC0zNDM2M2JjN2M0YzAiOnsiY3JlYXRlIjoxODAwMDAwMDAwMDAwLCJkZWxldGUiOjE4MDAwMDAwMDAwMDAsInJlYWQiOjMwMDAwMDAwMDAwMCwidXBkYXRlIjoxODAwMDAwMDAwMDAwfX0=",
          "dependencies": [
            "module.az_spoke2.azurerm_resource_group.spoke_rg",
            "module.az_spoke2.azurerm_route_table.defaultBackendUDR",
            "module.az_spoke2.azurerm_subnet.backend_snet",
            "module.az_spoke2.azurerm_virtual_network.vnet",
            "random_string.env"
          ]
        }
      ]
    },
    {
      "module": "module.az_spoke2",
      "mode": "managed",
      "type": "azurerm_virtual_network",
      "name": "vnet",
      "provider": "provider[\"registry.terraform.io/hashicorp/azurerm\"]",
      "instances": [
        {
          "schema_version": 0,
          "attributes": {
            "address_space": [
              "10.0.152.0/24"
            ],
            "bgp_community": "",
            "ddos_protection_plan": [],
            "dns_servers": [],
            "edge_zone": "",
            "flow_timeout_in_minutes": 0,
            "guid": "fe9db7b1-70fb-403f-9f36-10bba5dec7cf",
            "id": "/subscriptions/2d058077-13cf-445e-acdc-997e4036a37e/resourceGroups/dwBy-azspoke2rg/providers/Microsoft.Network/virtualNetworks/spoke152",
            "location": "eastus",
            "name": "spoke152",
            "resource_group_name": "dwBy-azspoke2rg",
            "subnet": [
              {
                "address_prefix": "10.0.152.0/28",
                "id": "/subscriptions/2d058077-13cf-445e-acdc-997e4036a37e/resourceGroups/dwBy-azspoke2rg/providers/Microsoft.Network/virtualNetworks/spoke152/subnets/backend",
                "name": "backend",
                "security_group": ""
              }
            ],
            "tags": {},
            "timeouts": null
          },
          "sensitive_attributes": [],
          "private": "eyJlMmJmYjczMC1lY2FhLTExZTYtOGY4OC0zNDM2M2JjN2M0YzAiOnsiY3JlYXRlIjoxODAwMDAwMDAwMDAwLCJkZWxldGUiOjE4MDAwMDAwMDAwMDAsInJlYWQiOjMwMDAwMDAwMDAwMCwidXBkYXRlIjoxODAwMDAwMDAwMDAwfX0=",
          "dependencies": [
            "module.az_spoke2.azurerm_resource_group.spoke_rg",
            "random_string.env"
          ]
        }
      ]
    },
    {
      "module": "module.az_spoke2_compute",
      "mode": "managed",
      "type": "azurerm_linux_virtual_machine",
      "name": "vm",
      "provider": "provider[\"registry.terraform.io/hashicorp/azurerm\"]",
      "instances": [
        {
          "schema_version": 0,
          "attributes": {
            "additional_capabilities": [],
            "admin_password": "Aviatrix123#",
            "admin_ssh_key": [],
            "admin_username": "azureuser",
            "allow_extension_operations": true,
            "availability_set_id": "",
            "boot_diagnostics": [
              {
                "storage_account_uri": "http://dwbyazspoke2storage.blob.core.windows.net"
              }
            ],
            "computer_name": "vm152",
            "custom_data": null,
            "dedicated_host_group_id": "",
            "dedicated_host_id": "",
            "disable_password_authentication": false,
            "edge_zone": "",
            "encryption_at_host_enabled": false,
            "eviction_policy": "",
            "extensions_time_budget": "PT1H30M",
            "id": "/subscriptions/2d058077-13cf-445e-acdc-997e4036a37e/resourceGroups/dwBy-azspoke2computerg/providers/Microsoft.Compute/virtualMachines/vm152",
            "identity": [],
            "license_type": "",
            "location": "eastus",
            "max_bid_price": -1,
            "name": "vm152",
            "network_interface_ids": [
              "/subscriptions/2d058077-13cf-445e-acdc-997e4036a37e/resourceGroups/dwBy-azspoke2computerg/providers/Microsoft.Network/networkInterfaces/vm152_nic"
            ],
            "os_disk": [
              {
                "caching": "ReadWrite",
                "diff_disk_settings": [],
                "disk_encryption_set_id": "",
                "disk_size_gb": 30,
                "name": "osdisk",
                "secure_vm_disk_encryption_set_id": "",
                "security_encryption_type": "",
                "storage_account_type": "Standard_LRS",
                "write_accelerator_enabled": false
              }
            ],
            "patch_mode": "ImageDefault",
            "plan": [],
            "platform_fault_domain": -1,
            "priority": "Regular",
            "private_ip_address": "10.0.152.4",
            "private_ip_addresses": [
              "10.0.152.4"
            ],
            "provision_vm_agent": true,
            "proximity_placement_group_id": "",
            "public_ip_address": "",
            "public_ip_addresses": [],
            "resource_group_name": "dwBy-azspoke2computerg",
            "secret": [],
            "secure_boot_enabled": false,
            "size": "Standard_D1_v2",
            "source_image_id": "",
            "source_image_reference": [
              {
                "offer": "UbuntuServer",
                "publisher": "Canonical",
                "sku": "16.04.0-LTS",
                "version": "latest"
              }
            ],
            "tags": {},
            "termination_notification": [],
            "timeouts": null,
            "user_data": "",
            "virtual_machine_id": "45dcd695-4524-4d6e-b469-97a0264dcdc4",
            "virtual_machine_scale_set_id": "",
            "vtpm_enabled": false,
            "zone": ""
          },
          "sensitive_attributes": [],
          "private": "eyJlMmJmYjczMC1lY2FhLTExZTYtOGY4OC0zNDM2M2JjN2M0YzAiOnsiY3JlYXRlIjoyNzAwMDAwMDAwMDAwLCJkZWxldGUiOjI3MDAwMDAwMDAwMDAsInJlYWQiOjMwMDAwMDAwMDAwMCwidXBkYXRlIjoyNzAwMDAwMDAwMDAwfX0=",
          "dependencies": [
            "module.az_spoke2.azurerm_resource_group.spoke_rg",
            "module.az_spoke2.azurerm_route_table.defaultBackendUDR",
            "module.az_spoke2.azurerm_subnet.backend_snet",
            "module.az_spoke2.azurerm_subnet_route_table_association.backendsnet_rtb_assoc",
            "module.az_spoke2.azurerm_virtual_network.vnet",
            "module.az_spoke2_compute.azurerm_network_interface.vm_nic",
            "module.az_spoke2_compute.azurerm_resource_group.compute_rg",
            "module.az_spoke2_compute.azurerm_storage_account.storage",
            "random_string.env"
          ]
        }
      ]
    },
    {
      "module": "module.az_spoke2_compute",
      "mode": "managed",
      "type": "azurerm_network_interface",
      "name": "vm_nic",
      "provider": "provider[\"registry.terraform.io/hashicorp/azurerm\"]",
      "instances": [
        {
          "schema_version": 0,
          "attributes": {
            "applied_dns_servers": [],
            "dns_servers": [],
            "edge_zone": "",
            "enable_accelerated_networking": false,
            "enable_ip_forwarding": false,
            "id": "/subscriptions/2d058077-13cf-445e-acdc-997e4036a37e/resourceGroups/dwBy-azspoke2computerg/providers/Microsoft.Network/networkInterfaces/vm152_nic",
            "internal_dns_name_label": "",
            "internal_domain_name_suffix": "wg1z15x1oa5ubhzwcc30lxwhzh.bx.internal.cloudapp.net",
            "ip_configuration": [
              {
                "gateway_load_balancer_frontend_ip_configuration_id": "",
                "name": "ipconfig1",
                "primary": true,
                "private_ip_address": "10.0.152.4",
                "private_ip_address_allocation": "Dynamic",
                "private_ip_address_version": "IPv4",
                "public_ip_address_id": "",
                "subnet_id": "/subscriptions/2d058077-13cf-445e-acdc-997e4036a37e/resourceGroups/dwBy-azspoke2rg/providers/Microsoft.Network/virtualNetworks/spoke152/subnets/backend"
              }
            ],
            "location": "eastus",
            "mac_address": "00-0D-3A-54-BA-6D",
            "name": "vm152_nic",
            "private_ip_address": "10.0.152.4",
            "private_ip_addresses": [
              "10.0.152.4"
            ],
            "resource_group_name": "dwBy-azspoke2computerg",
            "tags": {},
            "timeouts": null,
            "virtual_machine_id": "/subscriptions/2d058077-13cf-445e-acdc-997e4036a37e/resourceGroups/dwBy-azspoke2computerg/providers/Microsoft.Compute/virtualMachines/vm152"
          },
          "sensitive_attributes": [],
          "private": "eyJlMmJmYjczMC1lY2FhLTExZTYtOGY4OC0zNDM2M2JjN2M0YzAiOnsiY3JlYXRlIjoxODAwMDAwMDAwMDAwLCJkZWxldGUiOjE4MDAwMDAwMDAwMDAsInJlYWQiOjMwMDAwMDAwMDAwMCwidXBkYXRlIjoxODAwMDAwMDAwMDAwfX0=",
          "dependencies": [
            "module.az_spoke2.azurerm_resource_group.spoke_rg",
            "module.az_spoke2.azurerm_route_table.defaultBackendUDR",
            "module.az_spoke2.azurerm_subnet.backend_snet",
            "module.az_spoke2.azurerm_subnet_route_table_association.backendsnet_rtb_assoc",
            "module.az_spoke2.azurerm_virtual_network.vnet",
            "module.az_spoke2_compute.azurerm_resource_group.compute_rg",
            "random_string.env"
          ]
        }
      ]
    },
    {
      "module": "module.az_spoke2_compute",
      "mode": "managed",
      "type": "azurerm_network_interface_security_group_association",
      "name": "nic_nsg",
      "provider": "provider[\"registry.terraform.io/hashicorp/azurerm\"]",
      "instances": [
        {
          "schema_version": 0,
          "attributes": {
            "id": "/subscriptions/2d058077-13cf-445e-acdc-997e4036a37e/resourceGroups/dwBy-azspoke2computerg/providers/Microsoft.Network/networkInterfaces/vm152_nic|/subscriptions/2d058077-13cf-445e-acdc-997e4036a37e/resourceGroups/dwBy-azspoke2computerg/providers/Microsoft.Network/networkSecurityGroups/vm152_nsg",
            "network_interface_id": "/subscriptions/2d058077-13cf-445e-acdc-997e4036a37e/resourceGroups/dwBy-azspoke2computerg/providers/Microsoft.Network/networkInterfaces/vm152_nic",
            "network_security_group_id": "/subscriptions/2d058077-13cf-445e-acdc-997e4036a37e/resourceGroups/dwBy-azspoke2computerg/providers/Microsoft.Network/networkSecurityGroups/vm152_nsg",
            "timeouts": null
          },
          "sensitive_attributes": [],
          "private": "eyJlMmJmYjczMC1lY2FhLTExZTYtOGY4OC0zNDM2M2JjN2M0YzAiOnsiY3JlYXRlIjoxODAwMDAwMDAwMDAwLCJkZWxldGUiOjE4MDAwMDAwMDAwMDAsInJlYWQiOjMwMDAwMDAwMDAwMCwidXBkYXRlIjoxODAwMDAwMDAwMDAwfX0=",
          "dependencies": [
            "module.az_spoke2.azurerm_resource_group.spoke_rg",
            "module.az_spoke2.azurerm_route_table.defaultBackendUDR",
            "module.az_spoke2.azurerm_subnet.backend_snet",
            "module.az_spoke2.azurerm_subnet_route_table_association.backendsnet_rtb_assoc",
            "module.az_spoke2.azurerm_virtual_network.vnet",
            "module.az_spoke2_compute.azurerm_linux_virtual_machine.vm",
            "module.az_spoke2_compute.azurerm_network_interface.vm_nic",
            "module.az_spoke2_compute.azurerm_network_security_group.nsg",
            "module.az_spoke2_compute.azurerm_resource_group.compute_rg",
            "module.az_spoke2_compute.azurerm_storage_account.storage",
            "random_string.env"
          ]
        }
      ]
    },
    {
      "module": "module.az_spoke2_compute",
      "mode": "managed",
      "type": "azurerm_network_security_group",
      "name": "nsg",
      "provider": "provider[\"registry.terraform.io/hashicorp/azurerm\"]",
      "instances": [
        {
          "schema_version": 0,
          "attributes": {
            "id": "/subscriptions/2d058077-13cf-445e-acdc-997e4036a37e/resourceGroups/dwBy-azspoke2computerg/providers/Microsoft.Network/networkSecurityGroups/vm152_nsg",
            "location": "eastus",
            "name": "vm152_nsg",
            "resource_group_name": "dwBy-azspoke2computerg",
            "security_rule": [],
            "tags": {},
            "timeouts": null
          },
          "sensitive_attributes": [],
          "private": "eyJlMmJmYjczMC1lY2FhLTExZTYtOGY4OC0zNDM2M2JjN2M0YzAiOnsiY3JlYXRlIjoxODAwMDAwMDAwMDAwLCJkZWxldGUiOjE4MDAwMDAwMDAwMDAsInJlYWQiOjMwMDAwMDAwMDAwMCwidXBkYXRlIjoxODAwMDAwMDAwMDAwfX0=",
          "dependencies": [
            "module.az_spoke2.azurerm_resource_group.spoke_rg",
            "module.az_spoke2.azurerm_route_table.defaultBackendUDR",
            "module.az_spoke2.azurerm_subnet.backend_snet",
            "module.az_spoke2.azurerm_subnet_route_table_association.backendsnet_rtb_assoc",
            "module.az_spoke2.azurerm_virtual_network.vnet",
            "module.az_spoke2_compute.azurerm_resource_group.compute_rg",
            "random_string.env"
          ]
        }
      ]
    },
    {
      "module": "module.az_spoke2_compute",
      "mode": "managed",
      "type": "azurerm_resource_group",
      "name": "compute_rg",
      "provider": "provider[\"registry.terraform.io/hashicorp/azurerm\"]",
      "instances": [
        {
          "schema_version": 0,
          "attributes": {
            "id": "/subscriptions/2d058077-13cf-445e-acdc-997e4036a37e/resourceGroups/dwBy-azspoke2computerg",
            "location": "eastus",
            "name": "dwBy-azspoke2computerg",
            "tags": {},
            "timeouts": null
          },
          "sensitive_attributes": [],
          "private": "eyJlMmJmYjczMC1lY2FhLTExZTYtOGY4OC0zNDM2M2JjN2M0YzAiOnsiY3JlYXRlIjo1NDAwMDAwMDAwMDAwLCJkZWxldGUiOjU0MDAwMDAwMDAwMDAsInJlYWQiOjMwMDAwMDAwMDAwMCwidXBkYXRlIjo1NDAwMDAwMDAwMDAwfX0=",
          "dependencies": [
            "module.az_spoke2.azurerm_resource_group.spoke_rg",
            "module.az_spoke2.azurerm_route_table.defaultBackendUDR",
            "module.az_spoke2.azurerm_subnet.backend_snet",
            "module.az_spoke2.azurerm_subnet_route_table_association.backendsnet_rtb_assoc",
            "module.az_spoke2.azurerm_virtual_network.vnet",
            "random_string.env"
          ]
        }
      ]
    },
    {
      "module": "module.az_spoke2_compute",
      "mode": "managed",
      "type": "azurerm_storage_account",
      "name": "storage",
      "provider": "provider[\"registry.terraform.io/hashicorp/azurerm\"]",
      "instances": [
        {
          "schema_version": 3,
          "attributes": {
            "access_tier": "",
            "account_kind": "Storage",
            "account_replication_type": "LRS",
            "account_tier": "Standard",
            "allow_nested_items_to_be_public": true,
            "azure_files_authentication": [],
            "blob_properties": [
              {
                "change_feed_enabled": false,
                "container_delete_retention_policy": [],
                "cors_rule": [],
                "default_service_version": "",
                "delete_retention_policy": [],
                "last_access_time_enabled": false,
                "versioning_enabled": false
              }
            ],
            "cross_tenant_replication_enabled": true,
            "custom_domain": [],
            "customer_managed_key": [],
            "edge_zone": "",
            "enable_https_traffic_only": true,
            "id": "/subscriptions/2d058077-13cf-445e-acdc-997e4036a37e/resourceGroups/dwBy-azspoke2computerg/providers/Microsoft.Storage/storageAccounts/dwbyazspoke2storage",
            "identity": [],
            "infrastructure_encryption_enabled": false,
            "is_hns_enabled": false,
            "large_file_share_enabled": null,
            "location": "eastus",
            "min_tls_version": "TLS1_2",
            "name": "dwbyazspoke2storage",
            "network_rules": [
              {
                "bypass": [
                  "AzureServices"
                ],
                "default_action": "Allow",
                "ip_rules": [],
                "private_link_access": [],
                "virtual_network_subnet_ids": []
              }
            ],
            "nfsv3_enabled": false,
            "primary_access_key": "4xGMaOJfYUMRX2RgJqR+aSLi3ofaIHNi2eqDUrYBps5WqJ2u+O3rw7ze4tVllvL5naQ5BWobzt/l+ASt0L+xkA==",
            "primary_blob_connection_string": "DefaultEndpointsProtocol=https;BlobEndpoint=https://dwbyazspoke2storage.blob.core.windows.net/;AccountName=dwbyazspoke2storage;AccountKey=4xGMaOJfYUMRX2RgJqR+aSLi3ofaIHNi2eqDUrYBps5WqJ2u+O3rw7ze4tVllvL5naQ5BWobzt/l+ASt0L+xkA==",
            "primary_blob_endpoint": "https://dwbyazspoke2storage.blob.core.windows.net/",
            "primary_blob_host": "dwbyazspoke2storage.blob.core.windows.net",
            "primary_connection_string": "DefaultEndpointsProtocol=https;AccountName=dwbyazspoke2storage;AccountKey=4xGMaOJfYUMRX2RgJqR+aSLi3ofaIHNi2eqDUrYBps5WqJ2u+O3rw7ze4tVllvL5naQ5BWobzt/l+ASt0L+xkA==;EndpointSuffix=core.windows.net",
            "primary_dfs_endpoint": "",
            "primary_dfs_host": "",
            "primary_file_endpoint": "https://dwbyazspoke2storage.file.core.windows.net/",
            "primary_file_host": "dwbyazspoke2storage.file.core.windows.net",
            "primary_location": "eastus",
            "primary_queue_endpoint": "https://dwbyazspoke2storage.queue.core.windows.net/",
            "primary_queue_host": "dwbyazspoke2storage.queue.core.windows.net",
            "primary_table_endpoint": "https://dwbyazspoke2storage.table.core.windows.net/",
            "primary_table_host": "dwbyazspoke2storage.table.core.windows.net",
            "primary_web_endpoint": "",
            "primary_web_host": "",
            "queue_encryption_key_type": "Service",
            "queue_properties": [
              {
                "cors_rule": [],
                "hour_metrics": [
                  {
                    "enabled": true,
                    "include_apis": true,
                    "retention_policy_days": 7,
                    "version": "1.0"
                  }
                ],
                "logging": [
                  {
                    "delete": false,
                    "read": false,
                    "retention_policy_days": 0,
                    "version": "1.0",
                    "write": false
                  }
                ],
                "minute_metrics": [
                  {
                    "enabled": false,
                    "include_apis": false,
                    "retention_policy_days": 0,
                    "version": "1.0"
                  }
                ]
              }
            ],
            "resource_group_name": "dwBy-azspoke2computerg",
            "routing": [],
            "secondary_access_key": "IPvQivhijxqWGuGOKN2SOpPYhPvcO/Am3M25g7BSeoRDTIcfp2Xl+PqytTH5IdjzU2VNqU7H9GZ5+AStQwEhaw==",
            "secondary_blob_connection_string": "",
            "secondary_blob_endpoint": null,
            "secondary_blob_host": null,
            "secondary_connection_string": "DefaultEndpointsProtocol=https;AccountName=dwbyazspoke2storage;AccountKey=IPvQivhijxqWGuGOKN2SOpPYhPvcO/Am3M25g7BSeoRDTIcfp2Xl+PqytTH5IdjzU2VNqU7H9GZ5+AStQwEhaw==;EndpointSuffix=core.windows.net",
            "secondary_dfs_endpoint": null,
            "secondary_dfs_host": null,
            "secondary_file_endpoint": null,
            "secondary_file_host": null,
            "secondary_location": "",
            "secondary_queue_endpoint": null,
            "secondary_queue_host": null,
            "secondary_table_endpoint": null,
            "secondary_table_host": null,
            "secondary_web_endpoint": null,
            "secondary_web_host": null,
            "share_properties": [
              {
                "cors_rule": [],
                "retention_policy": [
                  {
                    "days": 7
                  }
                ],
                "smb": []
              }
            ],
            "shared_access_key_enabled": true,
            "static_website": [],
            "table_encryption_key_type": "Service",
            "tags": {},
            "timeouts": null
          },
          "sensitive_attributes": [],
          "private": "eyJlMmJmYjczMC1lY2FhLTExZTYtOGY4OC0zNDM2M2JjN2M0YzAiOnsiY3JlYXRlIjozNjAwMDAwMDAwMDAwLCJkZWxldGUiOjM2MDAwMDAwMDAwMDAsInJlYWQiOjMwMDAwMDAwMDAwMCwidXBkYXRlIjozNjAwMDAwMDAwMDAwfSwic2NoZW1hX3ZlcnNpb24iOiIzIn0=",
          "dependencies": [
            "module.az_spoke2.azurerm_resource_group.spoke_rg",
            "module.az_spoke2.azurerm_route_table.defaultBackendUDR",
            "module.az_spoke2.azurerm_subnet.backend_snet",
            "module.az_spoke2.azurerm_subnet_route_table_association.backendsnet_rtb_assoc",
            "module.az_spoke2.azurerm_virtual_network.vnet",
            "module.az_spoke2_compute.azurerm_resource_group.compute_rg",
            "random_string.env"
          ]
        }
      ]
    },
    {
      "module": "module.azspoke1_aztransit_peering",
      "mode": "managed",
      "type": "azurerm_virtual_network_peering",
      "name": "vnet1_vnet2",
      "provider": "provider[\"registry.terraform.io/hashicorp/azurerm\"]",
      "instances": [
        {
          "schema_version": 0,
          "attributes": {
            "allow_forwarded_traffic": true,
            "allow_gateway_transit": false,
            "allow_virtual_network_access": true,
            "id": "/subscriptions/2d058077-13cf-445e-acdc-997e4036a37e/resourceGroups/dwBy-azspoke1rg/providers/Microsoft.Network/virtualNetworks/spoke151/virtualNetworkPeerings/spoke151-transit110_vnet",
            "name": "spoke151-transit110_vnet",
            "remote_virtual_network_id": "/subscriptions/2d058077-13cf-445e-acdc-997e4036a37e/resourceGroups/aztransit110-rg/providers/Microsoft.Network/virtualNetworks/transit110_vnet",
            "resource_group_name": "dwBy-azspoke1rg",
            "timeouts": null,
            "use_remote_gateways": false,
            "virtual_network_name": "spoke151"
          },
          "sensitive_attributes": [],
          "private": "eyJlMmJmYjczMC1lY2FhLTExZTYtOGY4OC0zNDM2M2JjN2M0YzAiOnsiY3JlYXRlIjoxODAwMDAwMDAwMDAwLCJkZWxldGUiOjE4MDAwMDAwMDAwMDAsInJlYWQiOjMwMDAwMDAwMDAwMCwidXBkYXRlIjoxODAwMDAwMDAwMDAwfX0=",
          "dependencies": [
            "module.az_spoke1.azurerm_resource_group.spoke_rg",
            "module.az_spoke1.azurerm_route_table.defaultBackendUDR",
            "module.az_spoke1.azurerm_subnet.backend_snet",
            "module.az_spoke1.azurerm_subnet_route_table_association.backendsnet_rtb_assoc",
            "module.az_spoke1.azurerm_virtual_network.vnet",
            "module.transit.azurerm_lb.internal_lb",
            "module.transit.azurerm_lb_backend_address_pool.bep",
            "module.transit.azurerm_lb_probe.hp",
            "module.transit.azurerm_lb_rule.lb_rule",
            "module.transit.azurerm_linux_virtual_machine.internal_fw0",
            "module.transit.azurerm_linux_virtual_machine.internal_fw1",
            "module.transit.azurerm_network_interface.fw0_outbound_nic0",
            "module.transit.azurerm_network_interface.fw0_trust_nic2",
            "module.transit.azurerm_network_interface.fw0_untrust_nic1",
            "module.transit.azurerm_network_interface.fw1_outbound_nic0",
            "module.transit.azurerm_network_interface.fw1_trust_nic2",
            "module.transit.azurerm_network_interface.fw1_untrust_nic1",
            "module.transit.azurerm_network_interface_backend_address_pool_association.fw0_trust_nic2_bep",
            "module.transit.azurerm_network_interface_backend_address_pool_association.fw1_trust_nic2_bep",
            "module.transit.azurerm_network_security_group.nsg_mgmt",
            "module.transit.azurerm_network_security_group.nsg_trust",
            "module.transit.azurerm_public_ip.mgmt_pip0",
            "module.transit.azurerm_public_ip.mgmt_pip1",
            "module.transit.azurerm_public_ip.untrust_pip0",
            "module.transit.azurerm_public_ip.untrust_pip1",
            "module.transit.azurerm_resource_group.rg",
            "module.transit.azurerm_storage_account.storage",
            "module.transit.azurerm_subnet.mgmt_snet",
            "module.transit.azurerm_subnet.trust_snet",
            "module.transit.azurerm_subnet.untrust_snet",
            "module.transit.azurerm_subnet_network_security_group_association.mgmtnsg_assoc",
            "module.transit.azurerm_subnet_network_security_group_association.tfer--Trust_network_security_group_association",
            "module.transit.azurerm_virtual_network.vnet",
            "random_string.env"
          ]
        }
      ]
    },
    {
      "module": "module.azspoke1_aztransit_peering",
      "mode": "managed",
      "type": "azurerm_virtual_network_peering",
      "name": "vnet2_vnet1",
      "provider": "provider[\"registry.terraform.io/hashicorp/azurerm\"]",
      "instances": [
        {
          "schema_version": 0,
          "attributes": {
            "allow_forwarded_traffic": true,
            "allow_gateway_transit": true,
            "allow_virtual_network_access": true,
            "id": "/subscriptions/2d058077-13cf-445e-acdc-997e4036a37e/resourceGroups/aztransit110-rg/providers/Microsoft.Network/virtualNetworks/transit110_vnet/virtualNetworkPeerings/spoke151-transit110_vnet",
            "name": "spoke151-transit110_vnet",
            "remote_virtual_network_id": "/subscriptions/2d058077-13cf-445e-acdc-997e4036a37e/resourceGroups/dwBy-azspoke1rg/providers/Microsoft.Network/virtualNetworks/spoke151",
            "resource_group_name": "aztransit110-rg",
            "timeouts": null,
            "use_remote_gateways": false,
            "virtual_network_name": "transit110_vnet"
          },
          "sensitive_attributes": [],
          "private": "eyJlMmJmYjczMC1lY2FhLTExZTYtOGY4OC0zNDM2M2JjN2M0YzAiOnsiY3JlYXRlIjoxODAwMDAwMDAwMDAwLCJkZWxldGUiOjE4MDAwMDAwMDAwMDAsInJlYWQiOjMwMDAwMDAwMDAwMCwidXBkYXRlIjoxODAwMDAwMDAwMDAwfX0=",
          "dependencies": [
            "module.az_spoke1.azurerm_resource_group.spoke_rg",
            "module.az_spoke1.azurerm_route_table.defaultBackendUDR",
            "module.az_spoke1.azurerm_subnet.backend_snet",
            "module.az_spoke1.azurerm_subnet_route_table_association.backendsnet_rtb_assoc",
            "module.az_spoke1.azurerm_virtual_network.vnet",
            "module.azspoke1_aztransit_peering.azurerm_virtual_network_peering.vnet1_vnet2",
            "module.transit.azurerm_lb.internal_lb",
            "module.transit.azurerm_lb_backend_address_pool.bep",
            "module.transit.azurerm_lb_probe.hp",
            "module.transit.azurerm_lb_rule.lb_rule",
            "module.transit.azurerm_linux_virtual_machine.internal_fw0",
            "module.transit.azurerm_linux_virtual_machine.internal_fw1",
            "module.transit.azurerm_network_interface.fw0_outbound_nic0",
            "module.transit.azurerm_network_interface.fw0_trust_nic2",
            "module.transit.azurerm_network_interface.fw0_untrust_nic1",
            "module.transit.azurerm_network_interface.fw1_outbound_nic0",
            "module.transit.azurerm_network_interface.fw1_trust_nic2",
            "module.transit.azurerm_network_interface.fw1_untrust_nic1",
            "module.transit.azurerm_network_interface_backend_address_pool_association.fw0_trust_nic2_bep",
            "module.transit.azurerm_network_interface_backend_address_pool_association.fw1_trust_nic2_bep",
            "module.transit.azurerm_network_security_group.nsg_mgmt",
            "module.transit.azurerm_network_security_group.nsg_trust",
            "module.transit.azurerm_public_ip.mgmt_pip0",
            "module.transit.azurerm_public_ip.mgmt_pip1",
            "module.transit.azurerm_public_ip.untrust_pip0",
            "module.transit.azurerm_public_ip.untrust_pip1",
            "module.transit.azurerm_resource_group.rg",
            "module.transit.azurerm_storage_account.storage",
            "module.transit.azurerm_subnet.mgmt_snet",
            "module.transit.azurerm_subnet.trust_snet",
            "module.transit.azurerm_subnet.untrust_snet",
            "module.transit.azurerm_subnet_network_security_group_association.mgmtnsg_assoc",
            "module.transit.azurerm_subnet_network_security_group_association.tfer--Trust_network_security_group_association",
            "module.transit.azurerm_virtual_network.vnet",
            "random_string.env"
          ]
        }
      ]
    },
    {
      "module": "module.azspoke2_aztransit_peering",
      "mode": "managed",
      "type": "azurerm_virtual_network_peering",
      "name": "vnet1_vnet2",
      "provider": "provider[\"registry.terraform.io/hashicorp/azurerm\"]",
      "instances": [
        {
          "schema_version": 0,
          "attributes": {
            "allow_forwarded_traffic": true,
            "allow_gateway_transit": false,
            "allow_virtual_network_access": true,
            "id": "/subscriptions/2d058077-13cf-445e-acdc-997e4036a37e/resourceGroups/dwBy-azspoke2rg/providers/Microsoft.Network/virtualNetworks/spoke152/virtualNetworkPeerings/spoke152-transit110_vnet",
            "name": "spoke152-transit110_vnet",
            "remote_virtual_network_id": "/subscriptions/2d058077-13cf-445e-acdc-997e4036a37e/resourceGroups/aztransit110-rg/providers/Microsoft.Network/virtualNetworks/transit110_vnet",
            "resource_group_name": "dwBy-azspoke2rg",
            "timeouts": null,
            "use_remote_gateways": false,
            "virtual_network_name": "spoke152"
          },
          "sensitive_attributes": [],
          "private": "eyJlMmJmYjczMC1lY2FhLTExZTYtOGY4OC0zNDM2M2JjN2M0YzAiOnsiY3JlYXRlIjoxODAwMDAwMDAwMDAwLCJkZWxldGUiOjE4MDAwMDAwMDAwMDAsInJlYWQiOjMwMDAwMDAwMDAwMCwidXBkYXRlIjoxODAwMDAwMDAwMDAwfX0=",
          "dependencies": [
            "module.az_spoke2.azurerm_resource_group.spoke_rg",
            "module.az_spoke2.azurerm_route_table.defaultBackendUDR",
            "module.az_spoke2.azurerm_subnet.backend_snet",
            "module.az_spoke2.azurerm_subnet_route_table_association.backendsnet_rtb_assoc",
            "module.az_spoke2.azurerm_virtual_network.vnet",
            "module.transit.azurerm_lb.internal_lb",
            "module.transit.azurerm_lb_backend_address_pool.bep",
            "module.transit.azurerm_lb_probe.hp",
            "module.transit.azurerm_lb_rule.lb_rule",
            "module.transit.azurerm_linux_virtual_machine.internal_fw0",
            "module.transit.azurerm_linux_virtual_machine.internal_fw1",
            "module.transit.azurerm_network_interface.fw0_outbound_nic0",
            "module.transit.azurerm_network_interface.fw0_trust_nic2",
            "module.transit.azurerm_network_interface.fw0_untrust_nic1",
            "module.transit.azurerm_network_interface.fw1_outbound_nic0",
            "module.transit.azurerm_network_interface.fw1_trust_nic2",
            "module.transit.azurerm_network_interface.fw1_untrust_nic1",
            "module.transit.azurerm_network_interface_backend_address_pool_association.fw0_trust_nic2_bep",
            "module.transit.azurerm_network_interface_backend_address_pool_association.fw1_trust_nic2_bep",
            "module.transit.azurerm_network_security_group.nsg_mgmt",
            "module.transit.azurerm_network_security_group.nsg_trust",
            "module.transit.azurerm_public_ip.mgmt_pip0",
            "module.transit.azurerm_public_ip.mgmt_pip1",
            "module.transit.azurerm_public_ip.untrust_pip0",
            "module.transit.azurerm_public_ip.untrust_pip1",
            "module.transit.azurerm_resource_group.rg",
            "module.transit.azurerm_storage_account.storage",
            "module.transit.azurerm_subnet.mgmt_snet",
            "module.transit.azurerm_subnet.trust_snet",
            "module.transit.azurerm_subnet.untrust_snet",
            "module.transit.azurerm_subnet_network_security_group_association.mgmtnsg_assoc",
            "module.transit.azurerm_subnet_network_security_group_association.tfer--Trust_network_security_group_association",
            "module.transit.azurerm_virtual_network.vnet",
            "random_string.env"
          ]
        }
      ]
    },
    {
      "module": "module.azspoke2_aztransit_peering",
      "mode": "managed",
      "type": "azurerm_virtual_network_peering",
      "name": "vnet2_vnet1",
      "provider": "provider[\"registry.terraform.io/hashicorp/azurerm\"]",
      "instances": [
        {
          "schema_version": 0,
          "attributes": {
            "allow_forwarded_traffic": true,
            "allow_gateway_transit": true,
            "allow_virtual_network_access": true,
            "id": "/subscriptions/2d058077-13cf-445e-acdc-997e4036a37e/resourceGroups/aztransit110-rg/providers/Microsoft.Network/virtualNetworks/transit110_vnet/virtualNetworkPeerings/spoke152-transit110_vnet",
            "name": "spoke152-transit110_vnet",
            "remote_virtual_network_id": "/subscriptions/2d058077-13cf-445e-acdc-997e4036a37e/resourceGroups/dwBy-azspoke2rg/providers/Microsoft.Network/virtualNetworks/spoke152",
            "resource_group_name": "aztransit110-rg",
            "timeouts": null,
            "use_remote_gateways": false,
            "virtual_network_name": "transit110_vnet"
          },
          "sensitive_attributes": [],
          "private": "eyJlMmJmYjczMC1lY2FhLTExZTYtOGY4OC0zNDM2M2JjN2M0YzAiOnsiY3JlYXRlIjoxODAwMDAwMDAwMDAwLCJkZWxldGUiOjE4MDAwMDAwMDAwMDAsInJlYWQiOjMwMDAwMDAwMDAwMCwidXBkYXRlIjoxODAwMDAwMDAwMDAwfX0=",
          "dependencies": [
            "module.az_spoke2.azurerm_resource_group.spoke_rg",
            "module.az_spoke2.azurerm_route_table.defaultBackendUDR",
            "module.az_spoke2.azurerm_subnet.backend_snet",
            "module.az_spoke2.azurerm_subnet_route_table_association.backendsnet_rtb_assoc",
            "module.az_spoke2.azurerm_virtual_network.vnet",
            "module.azspoke2_aztransit_peering.azurerm_virtual_network_peering.vnet1_vnet2",
            "module.transit.azurerm_lb.internal_lb",
            "module.transit.azurerm_lb_backend_address_pool.bep",
            "module.transit.azurerm_lb_probe.hp",
            "module.transit.azurerm_lb_rule.lb_rule",
            "module.transit.azurerm_linux_virtual_machine.internal_fw0",
            "module.transit.azurerm_linux_virtual_machine.internal_fw1",
            "module.transit.azurerm_network_interface.fw0_outbound_nic0",
            "module.transit.azurerm_network_interface.fw0_trust_nic2",
            "module.transit.azurerm_network_interface.fw0_untrust_nic1",
            "module.transit.azurerm_network_interface.fw1_outbound_nic0",
            "module.transit.azurerm_network_interface.fw1_trust_nic2",
            "module.transit.azurerm_network_interface.fw1_untrust_nic1",
            "module.transit.azurerm_network_interface_backend_address_pool_association.fw0_trust_nic2_bep",
            "module.transit.azurerm_network_interface_backend_address_pool_association.fw1_trust_nic2_bep",
            "module.transit.azurerm_network_security_group.nsg_mgmt",
            "module.transit.azurerm_network_security_group.nsg_trust",
            "module.transit.azurerm_public_ip.mgmt_pip0",
            "module.transit.azurerm_public_ip.mgmt_pip1",
            "module.transit.azurerm_public_ip.untrust_pip0",
            "module.transit.azurerm_public_ip.untrust_pip1",
            "module.transit.azurerm_resource_group.rg",
            "module.transit.azurerm_storage_account.storage",
            "module.transit.azurerm_subnet.mgmt_snet",
            "module.transit.azurerm_subnet.trust_snet",
            "module.transit.azurerm_subnet.untrust_snet",
            "module.transit.azurerm_subnet_network_security_group_association.mgmtnsg_assoc",
            "module.transit.azurerm_subnet_network_security_group_association.tfer--Trust_network_security_group_association",
            "module.transit.azurerm_virtual_network.vnet",
            "random_string.env"
          ]
        }
      ]
    },
    {
      "module": "module.transit",
      "mode": "managed",
      "type": "azurerm_lb",
      "name": "internal_lb",
      "provider": "provider[\"registry.terraform.io/hashicorp/azurerm\"]",
      "instances": [
        {
          "schema_version": 0,
          "attributes": {
            "edge_zone": "",
            "frontend_ip_configuration": [
              {
                "gateway_load_balancer_frontend_ip_configuration_id": "",
                "id": "/subscriptions/2d058077-13cf-445e-acdc-997e4036a37e/resourceGroups/aztransit110-rg/providers/Microsoft.Network/loadBalancers/internal-fw-lb/frontendIPConfigurations/internal-fw-lb-fe-ip",
                "inbound_nat_rules": [],
                "load_balancer_rules": [
                  "/subscriptions/2d058077-13cf-445e-acdc-997e4036a37e/resourceGroups/aztransit110-rg/providers/Microsoft.Network/loadBalancers/internal-fw-lb/loadBalancingRules/IlbRule"
                ],
                "name": "internal-fw-lb-fe-ip",
                "outbound_rules": [],
                "private_ip_address": "10.198.10.174",
                "private_ip_address_allocation": "Static",
                "private_ip_address_version": "IPv4",
                "public_ip_address_id": "",
                "public_ip_prefix_id": "",
                "subnet_id": "/subscriptions/2d058077-13cf-445e-acdc-997e4036a37e/resourceGroups/aztransit110-rg/providers/Microsoft.Network/virtualNetworks/transit110_vnet/subnets/fw110-trust",
                "zones": []
              }
            ],
            "id": "/subscriptions/2d058077-13cf-445e-acdc-997e4036a37e/resourceGroups/aztransit110-rg/providers/Microsoft.Network/loadBalancers/internal-fw-lb",
            "location": "eastus",
            "name": "internal-fw-lb",
            "private_ip_address": "10.198.10.174",
            "private_ip_addresses": [
              "10.198.10.174"
            ],
            "resource_group_name": "aztransit110-rg",
            "sku": "Standard",
            "sku_tier": "Regional",
            "tags": {},
            "timeouts": null
          },
          "sensitive_attributes": [],
          "private": "eyJlMmJmYjczMC1lY2FhLTExZTYtOGY4OC0zNDM2M2JjN2M0YzAiOnsiY3JlYXRlIjoxODAwMDAwMDAwMDAwLCJkZWxldGUiOjE4MDAwMDAwMDAwMDAsInJlYWQiOjMwMDAwMDAwMDAwMCwidXBkYXRlIjoxODAwMDAwMDAwMDAwfX0=",
          "dependencies": [
            "module.transit.azurerm_resource_group.rg",
            "module.transit.azurerm_subnet.trust_snet",
            "module.transit.azurerm_virtual_network.vnet"
          ]
        }
      ]
    },
    {
      "module": "module.transit",
      "mode": "managed",
      "type": "azurerm_lb_backend_address_pool",
      "name": "bep",
      "provider": "provider[\"registry.terraform.io/hashicorp/azurerm\"]",
      "instances": [
        {
          "schema_version": 0,
          "attributes": {
            "backend_ip_configurations": [
              "/subscriptions/2d058077-13cf-445e-acdc-997e4036a37e/resourceGroups/aztransit110-rg/providers/Microsoft.Network/networkInterfaces/fw1101-trust2/ipConfigurations/fw1101-trust",
              "/subscriptions/2d058077-13cf-445e-acdc-997e4036a37e/resourceGroups/aztransit110-rg/providers/Microsoft.Network/networkInterfaces/fw1100-trust2/ipConfigurations/fw1100-trust"
            ],
            "id": "/subscriptions/2d058077-13cf-445e-acdc-997e4036a37e/resourceGroups/aztransit110-rg/providers/Microsoft.Network/loadBalancers/internal-fw-lb/backendAddressPools/fw110-bep",
            "load_balancing_rules": [
              "/subscriptions/2d058077-13cf-445e-acdc-997e4036a37e/resourceGroups/aztransit110-rg/providers/Microsoft.Network/loadBalancers/internal-fw-lb/loadBalancingRules/IlbRule"
            ],
            "loadbalancer_id": "/subscriptions/2d058077-13cf-445e-acdc-997e4036a37e/resourceGroups/aztransit110-rg/providers/Microsoft.Network/loadBalancers/internal-fw-lb",
            "name": "fw110-bep",
            "outbound_rules": [],
            "timeouts": null,
            "tunnel_interface": []
          },
          "sensitive_attributes": [],
          "private": "eyJlMmJmYjczMC1lY2FhLTExZTYtOGY4OC0zNDM2M2JjN2M0YzAiOnsiY3JlYXRlIjoxODAwMDAwMDAwMDAwLCJkZWxldGUiOjE4MDAwMDAwMDAwMDAsInJlYWQiOjMwMDAwMDAwMDAwMCwidXBkYXRlIjoxODAwMDAwMDAwMDAwfX0=",
          "dependencies": [
            "module.transit.azurerm_lb.internal_lb",
            "module.transit.azurerm_resource_group.rg",
            "module.transit.azurerm_subnet.trust_snet",
            "module.transit.azurerm_virtual_network.vnet"
          ]
        }
      ]
    },
    {
      "module": "module.transit",
      "mode": "managed",
      "type": "azurerm_lb_probe",
      "name": "hp",
      "provider": "provider[\"registry.terraform.io/hashicorp/azurerm\"]",
      "instances": [
        {
          "schema_version": 0,
          "attributes": {
            "id": "/subscriptions/2d058077-13cf-445e-acdc-997e4036a37e/resourceGroups/aztransit110-rg/providers/Microsoft.Network/loadBalancers/internal-fw-lb/probes/fw110-ewlbprobe",
            "interval_in_seconds": 15,
            "load_balancer_rules": [
              "/subscriptions/2d058077-13cf-445e-acdc-997e4036a37e/resourceGroups/aztransit110-rg/providers/Microsoft.Network/loadBalancers/internal-fw-lb/loadBalancingRules/IlbRule"
            ],
            "loadbalancer_id": "/subscriptions/2d058077-13cf-445e-acdc-997e4036a37e/resourceGroups/aztransit110-rg/providers/Microsoft.Network/loadBalancers/internal-fw-lb",
            "name": "fw110-ewlbprobe",
            "number_of_probes": 2,
            "port": 22,
            "protocol": "Tcp",
            "request_path": "",
            "timeouts": null
          },
          "sensitive_attributes": [],
          "private": "eyJlMmJmYjczMC1lY2FhLTExZTYtOGY4OC0zNDM2M2JjN2M0YzAiOnsiY3JlYXRlIjoxODAwMDAwMDAwMDAwLCJkZWxldGUiOjE4MDAwMDAwMDAwMDAsInJlYWQiOjMwMDAwMDAwMDAwMCwidXBkYXRlIjoxODAwMDAwMDAwMDAwfX0=",
          "dependencies": [
            "module.transit.azurerm_lb.internal_lb",
            "module.transit.azurerm_resource_group.rg",
            "module.transit.azurerm_subnet.trust_snet",
            "module.transit.azurerm_virtual_network.vnet"
          ]
        }
      ]
    },
    {
      "module": "module.transit",
      "mode": "managed",
      "type": "azurerm_lb_rule",
      "name": "lb_rule",
      "provider": "provider[\"registry.terraform.io/hashicorp/azurerm\"]",
      "instances": [
        {
          "schema_version": 0,
          "attributes": {
            "backend_address_pool_ids": [
              "/subscriptions/2d058077-13cf-445e-acdc-997e4036a37e/resourceGroups/aztransit110-rg/providers/Microsoft.Network/loadBalancers/internal-fw-lb/backendAddressPools/fw110-bep"
            ],
            "backend_port": 0,
            "disable_outbound_snat": false,
            "enable_floating_ip": false,
            "enable_tcp_reset": false,
            "frontend_ip_configuration_id": "/subscriptions/2d058077-13cf-445e-acdc-997e4036a37e/resourceGroups/aztransit110-rg/providers/Microsoft.Network/loadBalancers/internal-fw-lb/frontendIPConfigurations/internal-fw-lb-fe-ip",
            "frontend_ip_configuration_name": "internal-fw-lb-fe-ip",
            "frontend_port": 0,
            "id": "/subscriptions/2d058077-13cf-445e-acdc-997e4036a37e/resourceGroups/aztransit110-rg/providers/Microsoft.Network/loadBalancers/internal-fw-lb/loadBalancingRules/IlbRule",
            "idle_timeout_in_minutes": 4,
            "load_distribution": "Default",
            "loadbalancer_id": "/subscriptions/2d058077-13cf-445e-acdc-997e4036a37e/resourceGroups/aztransit110-rg/providers/Microsoft.Network/loadBalancers/internal-fw-lb",
            "name": "IlbRule",
            "probe_id": "/subscriptions/2d058077-13cf-445e-acdc-997e4036a37e/resourceGroups/aztransit110-rg/providers/Microsoft.Network/loadBalancers/internal-fw-lb/probes/fw110-ewlbprobe",
            "protocol": "All",
            "timeouts": null
          },
          "sensitive_attributes": [],
          "private": "eyJlMmJmYjczMC1lY2FhLTExZTYtOGY4OC0zNDM2M2JjN2M0YzAiOnsiY3JlYXRlIjoxODAwMDAwMDAwMDAwLCJkZWxldGUiOjE4MDAwMDAwMDAwMDAsInJlYWQiOjMwMDAwMDAwMDAwMCwidXBkYXRlIjoxODAwMDAwMDAwMDAwfX0=",
          "dependencies": [
            "module.transit.azurerm_lb.internal_lb",
            "module.transit.azurerm_lb_backend_address_pool.bep",
            "module.transit.azurerm_lb_probe.hp",
            "module.transit.azurerm_resource_group.rg",
            "module.transit.azurerm_subnet.trust_snet",
            "module.transit.azurerm_virtual_network.vnet"
          ]
        }
      ]
    },
    {
      "module": "module.transit",
      "mode": "managed",
      "type": "azurerm_linux_virtual_machine",
      "name": "internal_fw0",
      "provider": "provider[\"registry.terraform.io/hashicorp/azurerm\"]",
      "instances": [
        {
          "schema_version": 0,
          "attributes": {
            "additional_capabilities": [],
            "admin_password": "Aviatrix123#",
            "admin_ssh_key": [],
            "admin_username": "azureuser",
            "allow_extension_operations": true,
            "availability_set_id": "",
            "boot_diagnostics": [
              {
                "storage_account_uri": "http://sha1990transit111.blob.core.windows.net"
              }
            ],
            "computer_name": "fw110-0",
            "custom_data": null,
            "dedicated_host_group_id": "",
            "dedicated_host_id": "",
            "disable_password_authentication": false,
            "edge_zone": "",
            "encryption_at_host_enabled": false,
            "eviction_policy": "",
            "extensions_time_budget": "PT1H30M",
            "id": "/subscriptions/2d058077-13cf-445e-acdc-997e4036a37e/resourceGroups/aztransit110-rg/providers/Microsoft.Compute/virtualMachines/fw110-0",
            "identity": [],
            "license_type": "",
            "location": "eastus",
            "max_bid_price": -1,
            "name": "fw110-0",
            "network_interface_ids": [
              "/subscriptions/2d058077-13cf-445e-acdc-997e4036a37e/resourceGroups/aztransit110-rg/providers/Microsoft.Network/networkInterfaces/fw1100-mgmt0",
              "/subscriptions/2d058077-13cf-445e-acdc-997e4036a37e/resourceGroups/aztransit110-rg/providers/Microsoft.Network/networkInterfaces/fw1100-untrust1",
              "/subscriptions/2d058077-13cf-445e-acdc-997e4036a37e/resourceGroups/aztransit110-rg/providers/Microsoft.Network/networkInterfaces/fw1100-trust2"
            ],
            "os_disk": [
              {
                "caching": "ReadWrite",
                "diff_disk_settings": [],
                "disk_encryption_set_id": "",
                "disk_size_gb": 60,
                "name": "fw1100-osdisk",
                "secure_vm_disk_encryption_set_id": "",
                "security_encryption_type": "",
                "storage_account_type": "Standard_LRS",
                "write_accelerator_enabled": false
              }
            ],
            "patch_mode": "ImageDefault",
            "plan": [
              {
                "name": "bundle1",
                "product": "vmseries1",
                "publisher": "paloaltonetworks"
              }
            ],
            "platform_fault_domain": -1,
            "priority": "Regular",
            "private_ip_address": "10.198.10.4",
            "private_ip_addresses": [
              "10.198.10.4",
              "10.198.10.21",
              "10.198.10.165"
            ],
            "provision_vm_agent": true,
            "proximity_placement_group_id": "",
            "public_ip_address": "20.228.254.158",
            "public_ip_addresses": [
              "20.228.254.158",
              "20.228.254.136"
            ],
            "resource_group_name": "aztransit110-rg",
            "secret": [],
            "secure_boot_enabled": false,
            "size": "Standard_D3_v2",
            "source_image_id": "",
            "source_image_reference": [
              {
                "offer": "vmseries1",
                "publisher": "paloaltonetworks",
                "sku": "bundle1",
                "version": "latest"
              }
            ],
            "tags": null,
            "termination_notification": null,
            "timeouts": null,
            "user_data": "",
            "virtual_machine_id": "a4e698fc-8424-44ea-b9ba-02a5755c0546",
            "virtual_machine_scale_set_id": "",
            "vtpm_enabled": false,
            "zone": ""
          },
          "sensitive_attributes": [],
          "private": "eyJlMmJmYjczMC1lY2FhLTExZTYtOGY4OC0zNDM2M2JjN2M0YzAiOnsiY3JlYXRlIjoyNzAwMDAwMDAwMDAwLCJkZWxldGUiOjI3MDAwMDAwMDAwMDAsInJlYWQiOjMwMDAwMDAwMDAwMCwidXBkYXRlIjoyNzAwMDAwMDAwMDAwfX0=",
          "dependencies": [
            "module.transit.azurerm_network_interface.fw0_outbound_nic0",
            "module.transit.azurerm_network_interface.fw0_trust_nic2",
            "module.transit.azurerm_network_interface.fw0_untrust_nic1",
            "module.transit.azurerm_resource_group.rg",
            "module.transit.azurerm_storage_account.storage"
          ]
        }
      ]
    },
    {
      "module": "module.transit",
      "mode": "managed",
      "type": "azurerm_linux_virtual_machine",
      "name": "internal_fw1",
      "provider": "provider[\"registry.terraform.io/hashicorp/azurerm\"]",
      "instances": [
        {
          "schema_version": 0,
          "attributes": {
            "additional_capabilities": [],
            "admin_password": "Aviatrix123#",
            "admin_ssh_key": [],
            "admin_username": "azureuser",
            "allow_extension_operations": true,
            "availability_set_id": "",
            "boot_diagnostics": [
              {
                "storage_account_uri": "http://sha1990transit111.blob.core.windows.net"
              }
            ],
            "computer_name": "fw110-1",
            "custom_data": null,
            "dedicated_host_group_id": "",
            "dedicated_host_id": "",
            "disable_password_authentication": false,
            "edge_zone": "",
            "encryption_at_host_enabled": false,
            "eviction_policy": "",
            "extensions_time_budget": "PT1H30M",
            "id": "/subscriptions/2d058077-13cf-445e-acdc-997e4036a37e/resourceGroups/aztransit110-rg/providers/Microsoft.Compute/virtualMachines/fw110-1",
            "identity": [],
            "license_type": "",
            "location": "eastus",
            "max_bid_price": -1,
            "name": "fw110-1",
            "network_interface_ids": [
              "/subscriptions/2d058077-13cf-445e-acdc-997e4036a37e/resourceGroups/aztransit110-rg/providers/Microsoft.Network/networkInterfaces/fw1101-mgmt0",
              "/subscriptions/2d058077-13cf-445e-acdc-997e4036a37e/resourceGroups/aztransit110-rg/providers/Microsoft.Network/networkInterfaces/fw1101-untrust1",
              "/subscriptions/2d058077-13cf-445e-acdc-997e4036a37e/resourceGroups/aztransit110-rg/providers/Microsoft.Network/networkInterfaces/fw1101-trust2"
            ],
            "os_disk": [
              {
                "caching": "ReadWrite",
                "diff_disk_settings": [],
                "disk_encryption_set_id": "",
                "disk_size_gb": 60,
                "name": "fw1101-osdisk",
                "secure_vm_disk_encryption_set_id": "",
                "security_encryption_type": "",
                "storage_account_type": "Standard_LRS",
                "write_accelerator_enabled": false
              }
            ],
            "patch_mode": "ImageDefault",
            "plan": [
              {
                "name": "bundle1",
                "product": "vmseries1",
                "publisher": "paloaltonetworks"
              }
            ],
            "platform_fault_domain": -1,
            "priority": "Regular",
            "private_ip_address": "10.198.10.5",
            "private_ip_addresses": [
              "10.198.10.5",
              "10.198.10.20",
              "10.198.10.164"
            ],
            "provision_vm_agent": true,
            "proximity_placement_group_id": "",
            "public_ip_address": "20.228.254.31",
            "public_ip_addresses": [
              "20.228.254.31",
              "20.228.254.162"
            ],
            "resource_group_name": "aztransit110-rg",
            "secret": [],
            "secure_boot_enabled": false,
            "size": "Standard_D3_v2",
            "source_image_id": "",
            "source_image_reference": [
              {
                "offer": "vmseries1",
                "publisher": "paloaltonetworks",
                "sku": "bundle1",
                "version": "latest"
              }
            ],
            "tags": null,
            "termination_notification": null,
            "timeouts": null,
            "user_data": "",
            "virtual_machine_id": "2f4b695d-6fa8-497c-8176-849861ed175d",
            "virtual_machine_scale_set_id": "",
            "vtpm_enabled": false,
            "zone": ""
          },
          "sensitive_attributes": [],
          "private": "eyJlMmJmYjczMC1lY2FhLTExZTYtOGY4OC0zNDM2M2JjN2M0YzAiOnsiY3JlYXRlIjoyNzAwMDAwMDAwMDAwLCJkZWxldGUiOjI3MDAwMDAwMDAwMDAsInJlYWQiOjMwMDAwMDAwMDAwMCwidXBkYXRlIjoyNzAwMDAwMDAwMDAwfX0=",
          "dependencies": [
            "module.transit.azurerm_network_interface.fw1_outbound_nic0",
            "module.transit.azurerm_network_interface.fw1_trust_nic2",
            "module.transit.azurerm_network_interface.fw1_untrust_nic1",
            "module.transit.azurerm_resource_group.rg",
            "module.transit.azurerm_storage_account.storage"
          ]
        }
      ]
    },
    {
      "module": "module.transit",
      "mode": "managed",
      "type": "azurerm_network_interface",
      "name": "fw0_outbound_nic0",
      "provider": "provider[\"registry.terraform.io/hashicorp/azurerm\"]",
      "instances": [
        {
          "schema_version": 0,
          "attributes": {
            "applied_dns_servers": [],
            "dns_servers": [],
            "edge_zone": "",
            "enable_accelerated_networking": false,
            "enable_ip_forwarding": false,
            "id": "/subscriptions/2d058077-13cf-445e-acdc-997e4036a37e/resourceGroups/aztransit110-rg/providers/Microsoft.Network/networkInterfaces/fw1100-mgmt0",
            "internal_dns_name_label": "",
            "internal_domain_name_suffix": "mju0n2cxdpiupaxueafp3argxh.bx.internal.cloudapp.net",
            "ip_configuration": [
              {
                "gateway_load_balancer_frontend_ip_configuration_id": "",
                "name": "fw1100-mgmt",
                "primary": true,
                "private_ip_address": "10.198.10.4",
                "private_ip_address_allocation": "Dynamic",
                "private_ip_address_version": "IPv4",
                "public_ip_address_id": "/subscriptions/2d058077-13cf-445e-acdc-997e4036a37e/resourceGroups/aztransit110-rg/providers/Microsoft.Network/publicIPAddresses/fw110-mgmt0",
                "subnet_id": "/subscriptions/2d058077-13cf-445e-acdc-997e4036a37e/resourceGroups/aztransit110-rg/providers/Microsoft.Network/virtualNetworks/transit110_vnet/subnets/fw110-mgmt"
              }
            ],
            "location": "eastus",
            "mac_address": "",
            "name": "fw1100-mgmt0",
            "private_ip_address": "10.198.10.4",
            "private_ip_addresses": [
              "10.198.10.4"
            ],
            "resource_group_name": "aztransit110-rg",
            "tags": {},
            "timeouts": null,
            "virtual_machine_id": ""
          },
          "sensitive_attributes": [],
          "private": "eyJlMmJmYjczMC1lY2FhLTExZTYtOGY4OC0zNDM2M2JjN2M0YzAiOnsiY3JlYXRlIjoxODAwMDAwMDAwMDAwLCJkZWxldGUiOjE4MDAwMDAwMDAwMDAsInJlYWQiOjMwMDAwMDAwMDAwMCwidXBkYXRlIjoxODAwMDAwMDAwMDAwfX0=",
          "dependencies": [
            "module.transit.azurerm_public_ip.mgmt_pip0",
            "module.transit.azurerm_resource_group.rg",
            "module.transit.azurerm_subnet.mgmt_snet",
            "module.transit.azurerm_virtual_network.vnet"
          ]
        }
      ]
    },
    {
      "module": "module.transit",
      "mode": "managed",
      "type": "azurerm_network_interface",
      "name": "fw0_trust_nic2",
      "provider": "provider[\"registry.terraform.io/hashicorp/azurerm\"]",
      "instances": [
        {
          "schema_version": 0,
          "attributes": {
            "applied_dns_servers": [],
            "dns_servers": [],
            "edge_zone": "",
            "enable_accelerated_networking": false,
            "enable_ip_forwarding": true,
            "id": "/subscriptions/2d058077-13cf-445e-acdc-997e4036a37e/resourceGroups/aztransit110-rg/providers/Microsoft.Network/networkInterfaces/fw1100-trust2",
            "internal_dns_name_label": "",
            "internal_domain_name_suffix": "mju0n2cxdpiupaxueafp3argxh.bx.internal.cloudapp.net",
            "ip_configuration": [
              {
                "gateway_load_balancer_frontend_ip_configuration_id": "",
                "name": "fw1100-trust",
                "primary": true,
                "private_ip_address": "10.198.10.165",
                "private_ip_address_allocation": "Dynamic",
                "private_ip_address_version": "IPv4",
                "public_ip_address_id": "",
                "subnet_id": "/subscriptions/2d058077-13cf-445e-acdc-997e4036a37e/resourceGroups/aztransit110-rg/providers/Microsoft.Network/virtualNetworks/transit110_vnet/subnets/fw110-trust"
              }
            ],
            "location": "eastus",
            "mac_address": "",
            "name": "fw1100-trust2",
            "private_ip_address": "10.198.10.165",
            "private_ip_addresses": [
              "10.198.10.165"
            ],
            "resource_group_name": "aztransit110-rg",
            "tags": {},
            "timeouts": null,
            "virtual_machine_id": ""
          },
          "sensitive_attributes": [],
          "private": "eyJlMmJmYjczMC1lY2FhLTExZTYtOGY4OC0zNDM2M2JjN2M0YzAiOnsiY3JlYXRlIjoxODAwMDAwMDAwMDAwLCJkZWxldGUiOjE4MDAwMDAwMDAwMDAsInJlYWQiOjMwMDAwMDAwMDAwMCwidXBkYXRlIjoxODAwMDAwMDAwMDAwfX0=",
          "dependencies": [
            "module.transit.azurerm_resource_group.rg",
            "module.transit.azurerm_subnet.trust_snet",
            "module.transit.azurerm_virtual_network.vnet"
          ]
        }
      ]
    },
    {
      "module": "module.transit",
      "mode": "managed",
      "type": "azurerm_network_interface",
      "name": "fw0_untrust_nic1",
      "provider": "provider[\"registry.terraform.io/hashicorp/azurerm\"]",
      "instances": [
        {
          "schema_version": 0,
          "attributes": {
            "applied_dns_servers": [],
            "dns_servers": [],
            "edge_zone": "",
            "enable_accelerated_networking": false,
            "enable_ip_forwarding": true,
            "id": "/subscriptions/2d058077-13cf-445e-acdc-997e4036a37e/resourceGroups/aztransit110-rg/providers/Microsoft.Network/networkInterfaces/fw1100-untrust1",
            "internal_dns_name_label": "",
            "internal_domain_name_suffix": "mju0n2cxdpiupaxueafp3argxh.bx.internal.cloudapp.net",
            "ip_configuration": [
              {
                "gateway_load_balancer_frontend_ip_configuration_id": "",
                "name": "fw1100-untrust",
                "primary": true,
                "private_ip_address": "10.198.10.21",
                "private_ip_address_allocation": "Dynamic",
                "private_ip_address_version": "IPv4",
                "public_ip_address_id": "/subscriptions/2d058077-13cf-445e-acdc-997e4036a37e/resourceGroups/aztransit110-rg/providers/Microsoft.Network/publicIPAddresses/fw110-untrust0",
                "subnet_id": "/subscriptions/2d058077-13cf-445e-acdc-997e4036a37e/resourceGroups/aztransit110-rg/providers/Microsoft.Network/virtualNetworks/transit110_vnet/subnets/fw110-untrust"
              }
            ],
            "location": "eastus",
            "mac_address": "",
            "name": "fw1100-untrust1",
            "private_ip_address": "10.198.10.21",
            "private_ip_addresses": [
              "10.198.10.21"
            ],
            "resource_group_name": "aztransit110-rg",
            "tags": {},
            "timeouts": null,
            "virtual_machine_id": ""
          },
          "sensitive_attributes": [],
          "private": "eyJlMmJmYjczMC1lY2FhLTExZTYtOGY4OC0zNDM2M2JjN2M0YzAiOnsiY3JlYXRlIjoxODAwMDAwMDAwMDAwLCJkZWxldGUiOjE4MDAwMDAwMDAwMDAsInJlYWQiOjMwMDAwMDAwMDAwMCwidXBkYXRlIjoxODAwMDAwMDAwMDAwfX0=",
          "dependencies": [
            "module.transit.azurerm_public_ip.untrust_pip0",
            "module.transit.azurerm_resource_group.rg",
            "module.transit.azurerm_subnet.untrust_snet",
            "module.transit.azurerm_virtual_network.vnet"
          ]
        }
      ]
    },
    {
      "module": "module.transit",
      "mode": "managed",
      "type": "azurerm_network_interface",
      "name": "fw1_outbound_nic0",
      "provider": "provider[\"registry.terraform.io/hashicorp/azurerm\"]",
      "instances": [
        {
          "schema_version": 0,
          "attributes": {
            "applied_dns_servers": [],
            "dns_servers": [],
            "edge_zone": "",
            "enable_accelerated_networking": false,
            "enable_ip_forwarding": false,
            "id": "/subscriptions/2d058077-13cf-445e-acdc-997e4036a37e/resourceGroups/aztransit110-rg/providers/Microsoft.Network/networkInterfaces/fw1101-mgmt0",
            "internal_dns_name_label": "",
            "internal_domain_name_suffix": "mju0n2cxdpiupaxueafp3argxh.bx.internal.cloudapp.net",
            "ip_configuration": [
              {
                "gateway_load_balancer_frontend_ip_configuration_id": "",
                "name": "fw1101-mgmt",
                "primary": true,
                "private_ip_address": "10.198.10.5",
                "private_ip_address_allocation": "Dynamic",
                "private_ip_address_version": "IPv4",
                "public_ip_address_id": "/subscriptions/2d058077-13cf-445e-acdc-997e4036a37e/resourceGroups/aztransit110-rg/providers/Microsoft.Network/publicIPAddresses/fw110-mgmt1",
                "subnet_id": "/subscriptions/2d058077-13cf-445e-acdc-997e4036a37e/resourceGroups/aztransit110-rg/providers/Microsoft.Network/virtualNetworks/transit110_vnet/subnets/fw110-mgmt"
              }
            ],
            "location": "eastus",
            "mac_address": "",
            "name": "fw1101-mgmt0",
            "private_ip_address": "10.198.10.5",
            "private_ip_addresses": [
              "10.198.10.5"
            ],
            "resource_group_name": "aztransit110-rg",
            "tags": {},
            "timeouts": null,
            "virtual_machine_id": ""
          },
          "sensitive_attributes": [],
          "private": "eyJlMmJmYjczMC1lY2FhLTExZTYtOGY4OC0zNDM2M2JjN2M0YzAiOnsiY3JlYXRlIjoxODAwMDAwMDAwMDAwLCJkZWxldGUiOjE4MDAwMDAwMDAwMDAsInJlYWQiOjMwMDAwMDAwMDAwMCwidXBkYXRlIjoxODAwMDAwMDAwMDAwfX0=",
          "dependencies": [
            "module.transit.azurerm_public_ip.mgmt_pip1",
            "module.transit.azurerm_resource_group.rg",
            "module.transit.azurerm_subnet.mgmt_snet",
            "module.transit.azurerm_virtual_network.vnet"
          ]
        }
      ]
    },
    {
      "module": "module.transit",
      "mode": "managed",
      "type": "azurerm_network_interface",
      "name": "fw1_trust_nic2",
      "provider": "provider[\"registry.terraform.io/hashicorp/azurerm\"]",
      "instances": [
        {
          "schema_version": 0,
          "attributes": {
            "applied_dns_servers": [],
            "dns_servers": [],
            "edge_zone": "",
            "enable_accelerated_networking": false,
            "enable_ip_forwarding": true,
            "id": "/subscriptions/2d058077-13cf-445e-acdc-997e4036a37e/resourceGroups/aztransit110-rg/providers/Microsoft.Network/networkInterfaces/fw1101-trust2",
            "internal_dns_name_label": "",
            "internal_domain_name_suffix": "mju0n2cxdpiupaxueafp3argxh.bx.internal.cloudapp.net",
            "ip_configuration": [
              {
                "gateway_load_balancer_frontend_ip_configuration_id": "",
                "name": "fw1101-trust",
                "primary": true,
                "private_ip_address": "10.198.10.164",
                "private_ip_address_allocation": "Dynamic",
                "private_ip_address_version": "IPv4",
                "public_ip_address_id": "",
                "subnet_id": "/subscriptions/2d058077-13cf-445e-acdc-997e4036a37e/resourceGroups/aztransit110-rg/providers/Microsoft.Network/virtualNetworks/transit110_vnet/subnets/fw110-trust"
              }
            ],
            "location": "eastus",
            "mac_address": "",
            "name": "fw1101-trust2",
            "private_ip_address": "10.198.10.164",
            "private_ip_addresses": [
              "10.198.10.164"
            ],
            "resource_group_name": "aztransit110-rg",
            "tags": {},
            "timeouts": null,
            "virtual_machine_id": ""
          },
          "sensitive_attributes": [],
          "private": "eyJlMmJmYjczMC1lY2FhLTExZTYtOGY4OC0zNDM2M2JjN2M0YzAiOnsiY3JlYXRlIjoxODAwMDAwMDAwMDAwLCJkZWxldGUiOjE4MDAwMDAwMDAwMDAsInJlYWQiOjMwMDAwMDAwMDAwMCwidXBkYXRlIjoxODAwMDAwMDAwMDAwfX0=",
          "dependencies": [
            "module.transit.azurerm_resource_group.rg",
            "module.transit.azurerm_subnet.trust_snet",
            "module.transit.azurerm_virtual_network.vnet"
          ]
        }
      ]
    },
    {
      "module": "module.transit",
      "mode": "managed",
      "type": "azurerm_network_interface",
      "name": "fw1_untrust_nic1",
      "provider": "provider[\"registry.terraform.io/hashicorp/azurerm\"]",
      "instances": [
        {
          "schema_version": 0,
          "attributes": {
            "applied_dns_servers": [],
            "dns_servers": [],
            "edge_zone": "",
            "enable_accelerated_networking": false,
            "enable_ip_forwarding": true,
            "id": "/subscriptions/2d058077-13cf-445e-acdc-997e4036a37e/resourceGroups/aztransit110-rg/providers/Microsoft.Network/networkInterfaces/fw1101-untrust1",
            "internal_dns_name_label": "",
            "internal_domain_name_suffix": "mju0n2cxdpiupaxueafp3argxh.bx.internal.cloudapp.net",
            "ip_configuration": [
              {
                "gateway_load_balancer_frontend_ip_configuration_id": "",
                "name": "fw1101-untrust",
                "primary": true,
                "private_ip_address": "10.198.10.20",
                "private_ip_address_allocation": "Dynamic",
                "private_ip_address_version": "IPv4",
                "public_ip_address_id": "/subscriptions/2d058077-13cf-445e-acdc-997e4036a37e/resourceGroups/aztransit110-rg/providers/Microsoft.Network/publicIPAddresses/fw110-untrust1",
                "subnet_id": "/subscriptions/2d058077-13cf-445e-acdc-997e4036a37e/resourceGroups/aztransit110-rg/providers/Microsoft.Network/virtualNetworks/transit110_vnet/subnets/fw110-untrust"
              }
            ],
            "location": "eastus",
            "mac_address": "",
            "name": "fw1101-untrust1",
            "private_ip_address": "10.198.10.20",
            "private_ip_addresses": [
              "10.198.10.20"
            ],
            "resource_group_name": "aztransit110-rg",
            "tags": {},
            "timeouts": null,
            "virtual_machine_id": ""
          },
          "sensitive_attributes": [],
          "private": "eyJlMmJmYjczMC1lY2FhLTExZTYtOGY4OC0zNDM2M2JjN2M0YzAiOnsiY3JlYXRlIjoxODAwMDAwMDAwMDAwLCJkZWxldGUiOjE4MDAwMDAwMDAwMDAsInJlYWQiOjMwMDAwMDAwMDAwMCwidXBkYXRlIjoxODAwMDAwMDAwMDAwfX0=",
          "dependencies": [
            "module.transit.azurerm_public_ip.untrust_pip1",
            "module.transit.azurerm_resource_group.rg",
            "module.transit.azurerm_subnet.untrust_snet",
            "module.transit.azurerm_virtual_network.vnet"
          ]
        }
      ]
    },
    {
      "module": "module.transit",
      "mode": "managed",
      "type": "azurerm_network_interface_backend_address_pool_association",
      "name": "fw0_trust_nic2_bep",
      "provider": "provider[\"registry.terraform.io/hashicorp/azurerm\"]",
      "instances": [
        {
          "schema_version": 0,
          "attributes": {
            "backend_address_pool_id": "/subscriptions/2d058077-13cf-445e-acdc-997e4036a37e/resourceGroups/aztransit110-rg/providers/Microsoft.Network/loadBalancers/internal-fw-lb/backendAddressPools/fw110-bep",
            "id": "/subscriptions/2d058077-13cf-445e-acdc-997e4036a37e/resourceGroups/aztransit110-rg/providers/Microsoft.Network/networkInterfaces/fw1100-trust2/ipConfigurations/fw1100-trust|/subscriptions/2d058077-13cf-445e-acdc-997e4036a37e/resourceGroups/aztransit110-rg/providers/Microsoft.Network/loadBalancers/internal-fw-lb/backendAddressPools/fw110-bep",
            "ip_configuration_name": "fw1100-trust",
            "network_interface_id": "/subscriptions/2d058077-13cf-445e-acdc-997e4036a37e/resourceGroups/aztransit110-rg/providers/Microsoft.Network/networkInterfaces/fw1100-trust2",
            "timeouts": null
          },
          "sensitive_attributes": [],
          "private": "eyJlMmJmYjczMC1lY2FhLTExZTYtOGY4OC0zNDM2M2JjN2M0YzAiOnsiY3JlYXRlIjoxODAwMDAwMDAwMDAwLCJkZWxldGUiOjE4MDAwMDAwMDAwMDAsInJlYWQiOjMwMDAwMDAwMDAwMCwidXBkYXRlIjoxODAwMDAwMDAwMDAwfX0=",
          "dependencies": [
            "module.transit.azurerm_lb.internal_lb",
            "module.transit.azurerm_lb_backend_address_pool.bep",
            "module.transit.azurerm_network_interface.fw0_trust_nic2",
            "module.transit.azurerm_resource_group.rg",
            "module.transit.azurerm_subnet.trust_snet",
            "module.transit.azurerm_virtual_network.vnet"
          ]
        }
      ]
    },
    {
      "module": "module.transit",
      "mode": "managed",
      "type": "azurerm_network_interface_backend_address_pool_association",
      "name": "fw1_trust_nic2_bep",
      "provider": "provider[\"registry.terraform.io/hashicorp/azurerm\"]",
      "instances": [
        {
          "schema_version": 0,
          "attributes": {
            "backend_address_pool_id": "/subscriptions/2d058077-13cf-445e-acdc-997e4036a37e/resourceGroups/aztransit110-rg/providers/Microsoft.Network/loadBalancers/internal-fw-lb/backendAddressPools/fw110-bep",
            "id": "/subscriptions/2d058077-13cf-445e-acdc-997e4036a37e/resourceGroups/aztransit110-rg/providers/Microsoft.Network/networkInterfaces/fw1101-trust2/ipConfigurations/fw1101-trust|/subscriptions/2d058077-13cf-445e-acdc-997e4036a37e/resourceGroups/aztransit110-rg/providers/Microsoft.Network/loadBalancers/internal-fw-lb/backendAddressPools/fw110-bep",
            "ip_configuration_name": "fw1101-trust",
            "network_interface_id": "/subscriptions/2d058077-13cf-445e-acdc-997e4036a37e/resourceGroups/aztransit110-rg/providers/Microsoft.Network/networkInterfaces/fw1101-trust2",
            "timeouts": null
          },
          "sensitive_attributes": [],
          "private": "eyJlMmJmYjczMC1lY2FhLTExZTYtOGY4OC0zNDM2M2JjN2M0YzAiOnsiY3JlYXRlIjoxODAwMDAwMDAwMDAwLCJkZWxldGUiOjE4MDAwMDAwMDAwMDAsInJlYWQiOjMwMDAwMDAwMDAwMCwidXBkYXRlIjoxODAwMDAwMDAwMDAwfX0=",
          "dependencies": [
            "module.transit.azurerm_lb.internal_lb",
            "module.transit.azurerm_lb_backend_address_pool.bep",
            "module.transit.azurerm_network_interface.fw1_trust_nic2",
            "module.transit.azurerm_resource_group.rg",
            "module.transit.azurerm_subnet.trust_snet",
            "module.transit.azurerm_virtual_network.vnet"
          ]
        }
      ]
    },
    {
      "module": "module.transit",
      "mode": "managed",
      "type": "azurerm_network_security_group",
      "name": "nsg_mgmt",
      "provider": "provider[\"registry.terraform.io/hashicorp/azurerm\"]",
      "instances": [
        {
          "schema_version": 0,
          "attributes": {
            "id": "/subscriptions/2d058077-13cf-445e-acdc-997e4036a37e/resourceGroups/aztransit110-rg/providers/Microsoft.Network/networkSecurityGroups/fw110-mgmtnsg",
            "location": "eastus",
            "name": "fw110-mgmtnsg",
            "resource_group_name": "aztransit110-rg",
            "security_rule": [
              {
                "access": "Allow",
                "description": "Rule",
                "destination_address_prefix": "*",
                "destination_address_prefixes": [],
                "destination_application_security_group_ids": [],
                "destination_port_range": "*",
                "destination_port_ranges": [],
                "direction": "Inbound",
                "name": "Allow-Outside-From-IP",
                "priority": 100,
                "protocol": "*",
                "source_address_prefix": "162.157.131.33/32",
                "source_address_prefixes": [],
                "source_application_security_group_ids": [],
                "source_port_range": "*",
                "source_port_ranges": []
              }
            ],
            "tags": {},
            "timeouts": null
          },
          "sensitive_attributes": [],
          "private": "eyJlMmJmYjczMC1lY2FhLTExZTYtOGY4OC0zNDM2M2JjN2M0YzAiOnsiY3JlYXRlIjoxODAwMDAwMDAwMDAwLCJkZWxldGUiOjE4MDAwMDAwMDAwMDAsInJlYWQiOjMwMDAwMDAwMDAwMCwidXBkYXRlIjoxODAwMDAwMDAwMDAwfX0=",
          "dependencies": [
            "module.transit.azurerm_resource_group.rg"
          ]
        }
      ]
    },
    {
      "module": "module.transit",
      "mode": "managed",
      "type": "azurerm_network_security_group",
      "name": "nsg_trust",
      "provider": "provider[\"registry.terraform.io/hashicorp/azurerm\"]",
      "instances": [
        {
          "schema_version": 0,
          "attributes": {
            "id": "/subscriptions/2d058077-13cf-445e-acdc-997e4036a37e/resourceGroups/aztransit110-rg/providers/Microsoft.Network/networkSecurityGroups/fw110-trustnsg",
            "location": "eastus",
            "name": "fw110-trustnsg",
            "resource_group_name": "aztransit110-rg",
            "security_rule": [
              {
                "access": "Allow",
                "description": "",
                "destination_address_prefix": "*",
                "destination_address_prefixes": [],
                "destination_application_security_group_ids": [],
                "destination_port_range": "*",
                "destination_port_ranges": [],
                "direction": "Inbound",
                "name": "Port_Any",
                "priority": 100,
                "protocol": "*",
                "source_address_prefix": "*",
                "source_address_prefixes": [],
                "source_application_security_group_ids": [],
                "source_port_range": "*",
                "source_port_ranges": []
              }
            ],
            "tags": {},
            "timeouts": null
          },
          "sensitive_attributes": [],
          "private": "eyJlMmJmYjczMC1lY2FhLTExZTYtOGY4OC0zNDM2M2JjN2M0YzAiOnsiY3JlYXRlIjoxODAwMDAwMDAwMDAwLCJkZWxldGUiOjE4MDAwMDAwMDAwMDAsInJlYWQiOjMwMDAwMDAwMDAwMCwidXBkYXRlIjoxODAwMDAwMDAwMDAwfX0=",
          "dependencies": [
            "module.transit.azurerm_resource_group.rg"
          ]
        }
      ]
    },
    {
      "module": "module.transit",
      "mode": "managed",
      "type": "azurerm_public_ip",
      "name": "mgmt_pip0",
      "provider": "provider[\"registry.terraform.io/hashicorp/azurerm\"]",
      "instances": [
        {
          "schema_version": 0,
          "attributes": {
            "allocation_method": "Static",
            "domain_name_label": null,
            "edge_zone": "",
            "fqdn": null,
            "id": "/subscriptions/2d058077-13cf-445e-acdc-997e4036a37e/resourceGroups/aztransit110-rg/providers/Microsoft.Network/publicIPAddresses/fw110-mgmt0",
            "idle_timeout_in_minutes": 4,
            "ip_address": "20.228.254.158",
            "ip_tags": {},
            "ip_version": "IPv4",
            "location": "eastus",
            "name": "fw110-mgmt0",
            "public_ip_prefix_id": null,
            "resource_group_name": "aztransit110-rg",
            "reverse_fqdn": null,
            "sku": "Standard",
            "sku_tier": "Regional",
            "tags": {},
            "timeouts": null,
            "zones": []
          },
          "sensitive_attributes": [],
          "private": "eyJlMmJmYjczMC1lY2FhLTExZTYtOGY4OC0zNDM2M2JjN2M0YzAiOnsiY3JlYXRlIjoxODAwMDAwMDAwMDAwLCJkZWxldGUiOjE4MDAwMDAwMDAwMDAsInJlYWQiOjMwMDAwMDAwMDAwMCwidXBkYXRlIjoxODAwMDAwMDAwMDAwfX0=",
          "dependencies": [
            "module.transit.azurerm_resource_group.rg"
          ]
        }
      ]
    },
    {
      "module": "module.transit",
      "mode": "managed",
      "type": "azurerm_public_ip",
      "name": "mgmt_pip1",
      "provider": "provider[\"registry.terraform.io/hashicorp/azurerm\"]",
      "instances": [
        {
          "schema_version": 0,
          "attributes": {
            "allocation_method": "Static",
            "domain_name_label": null,
            "edge_zone": "",
            "fqdn": null,
            "id": "/subscriptions/2d058077-13cf-445e-acdc-997e4036a37e/resourceGroups/aztransit110-rg/providers/Microsoft.Network/publicIPAddresses/fw110-mgmt1",
            "idle_timeout_in_minutes": 4,
            "ip_address": "20.228.254.31",
            "ip_tags": {},
            "ip_version": "IPv4",
            "location": "eastus",
            "name": "fw110-mgmt1",
            "public_ip_prefix_id": null,
            "resource_group_name": "aztransit110-rg",
            "reverse_fqdn": null,
            "sku": "Standard",
            "sku_tier": "Regional",
            "tags": {},
            "timeouts": null,
            "zones": []
          },
          "sensitive_attributes": [],
          "private": "eyJlMmJmYjczMC1lY2FhLTExZTYtOGY4OC0zNDM2M2JjN2M0YzAiOnsiY3JlYXRlIjoxODAwMDAwMDAwMDAwLCJkZWxldGUiOjE4MDAwMDAwMDAwMDAsInJlYWQiOjMwMDAwMDAwMDAwMCwidXBkYXRlIjoxODAwMDAwMDAwMDAwfX0=",
          "dependencies": [
            "module.transit.azurerm_resource_group.rg"
          ]
        }
      ]
    },
    {
      "module": "module.transit",
      "mode": "managed",
      "type": "azurerm_public_ip",
      "name": "untrust_pip0",
      "provider": "provider[\"registry.terraform.io/hashicorp/azurerm\"]",
      "instances": [
        {
          "schema_version": 0,
          "attributes": {
            "allocation_method": "Static",
            "domain_name_label": null,
            "edge_zone": "",
            "fqdn": null,
            "id": "/subscriptions/2d058077-13cf-445e-acdc-997e4036a37e/resourceGroups/aztransit110-rg/providers/Microsoft.Network/publicIPAddresses/fw110-untrust0",
            "idle_timeout_in_minutes": 4,
            "ip_address": "20.228.254.136",
            "ip_tags": {},
            "ip_version": "IPv4",
            "location": "eastus",
            "name": "fw110-untrust0",
            "public_ip_prefix_id": null,
            "resource_group_name": "aztransit110-rg",
            "reverse_fqdn": null,
            "sku": "Standard",
            "sku_tier": "Regional",
            "tags": {},
            "timeouts": null,
            "zones": []
          },
          "sensitive_attributes": [],
          "private": "eyJlMmJmYjczMC1lY2FhLTExZTYtOGY4OC0zNDM2M2JjN2M0YzAiOnsiY3JlYXRlIjoxODAwMDAwMDAwMDAwLCJkZWxldGUiOjE4MDAwMDAwMDAwMDAsInJlYWQiOjMwMDAwMDAwMDAwMCwidXBkYXRlIjoxODAwMDAwMDAwMDAwfX0=",
          "dependencies": [
            "module.transit.azurerm_resource_group.rg"
          ]
        }
      ]
    },
    {
      "module": "module.transit",
      "mode": "managed",
      "type": "azurerm_public_ip",
      "name": "untrust_pip1",
      "provider": "provider[\"registry.terraform.io/hashicorp/azurerm\"]",
      "instances": [
        {
          "schema_version": 0,
          "attributes": {
            "allocation_method": "Static",
            "domain_name_label": null,
            "edge_zone": "",
            "fqdn": null,
            "id": "/subscriptions/2d058077-13cf-445e-acdc-997e4036a37e/resourceGroups/aztransit110-rg/providers/Microsoft.Network/publicIPAddresses/fw110-untrust1",
            "idle_timeout_in_minutes": 4,
            "ip_address": "20.228.254.162",
            "ip_tags": {},
            "ip_version": "IPv4",
            "location": "eastus",
            "name": "fw110-untrust1",
            "public_ip_prefix_id": null,
            "resource_group_name": "aztransit110-rg",
            "reverse_fqdn": null,
            "sku": "Standard",
            "sku_tier": "Regional",
            "tags": {},
            "timeouts": null,
            "zones": []
          },
          "sensitive_attributes": [],
          "private": "eyJlMmJmYjczMC1lY2FhLTExZTYtOGY4OC0zNDM2M2JjN2M0YzAiOnsiY3JlYXRlIjoxODAwMDAwMDAwMDAwLCJkZWxldGUiOjE4MDAwMDAwMDAwMDAsInJlYWQiOjMwMDAwMDAwMDAwMCwidXBkYXRlIjoxODAwMDAwMDAwMDAwfX0=",
          "dependencies": [
            "module.transit.azurerm_resource_group.rg"
          ]
        }
      ]
    },
    {
      "module": "module.transit",
      "mode": "managed",
      "type": "azurerm_resource_group",
      "name": "rg",
      "provider": "provider[\"registry.terraform.io/hashicorp/azurerm\"]",
      "instances": [
        {
          "schema_version": 0,
          "attributes": {
            "id": "/subscriptions/2d058077-13cf-445e-acdc-997e4036a37e/resourceGroups/aztransit110-rg",
            "location": "eastus",
            "name": "aztransit110-rg",
            "tags": {},
            "timeouts": null
          },
          "sensitive_attributes": [],
          "private": "eyJlMmJmYjczMC1lY2FhLTExZTYtOGY4OC0zNDM2M2JjN2M0YzAiOnsiY3JlYXRlIjo1NDAwMDAwMDAwMDAwLCJkZWxldGUiOjU0MDAwMDAwMDAwMDAsInJlYWQiOjMwMDAwMDAwMDAwMCwidXBkYXRlIjo1NDAwMDAwMDAwMDAwfX0="
        }
      ]
    },
    {
      "module": "module.transit",
      "mode": "managed",
      "type": "azurerm_storage_account",
      "name": "storage",
      "provider": "provider[\"registry.terraform.io/hashicorp/azurerm\"]",
      "instances": [
        {
          "schema_version": 3,
          "attributes": {
            "access_tier": "",
            "account_kind": "Storage",
            "account_replication_type": "LRS",
            "account_tier": "Standard",
            "allow_nested_items_to_be_public": true,
            "azure_files_authentication": [],
            "blob_properties": [
              {
                "change_feed_enabled": false,
                "container_delete_retention_policy": [],
                "cors_rule": [],
                "default_service_version": "",
                "delete_retention_policy": [],
                "last_access_time_enabled": false,
                "versioning_enabled": false
              }
            ],
            "cross_tenant_replication_enabled": true,
            "custom_domain": [],
            "customer_managed_key": [],
            "edge_zone": "",
            "enable_https_traffic_only": true,
            "id": "/subscriptions/2d058077-13cf-445e-acdc-997e4036a37e/resourceGroups/aztransit110-rg/providers/Microsoft.Storage/storageAccounts/sha1990transit111",
            "identity": [],
            "infrastructure_encryption_enabled": false,
            "is_hns_enabled": false,
            "large_file_share_enabled": null,
            "location": "eastus",
            "min_tls_version": "TLS1_2",
            "name": "sha1990transit111",
            "network_rules": [
              {
                "bypass": [
                  "AzureServices"
                ],
                "default_action": "Allow",
                "ip_rules": [],
                "private_link_access": [],
                "virtual_network_subnet_ids": []
              }
            ],
            "nfsv3_enabled": false,
            "primary_access_key": "qE22lgmayigPXXKL99FEqFUp5ggO6CxpC0Igw8W8vXvIjqHqeBJdmQ1Mb/UctEUabffx2vTXRd5k+AStomQQeg==",
            "primary_blob_connection_string": "DefaultEndpointsProtocol=https;BlobEndpoint=https://sha1990transit111.blob.core.windows.net/;AccountName=sha1990transit111;AccountKey=qE22lgmayigPXXKL99FEqFUp5ggO6CxpC0Igw8W8vXvIjqHqeBJdmQ1Mb/UctEUabffx2vTXRd5k+AStomQQeg==",
            "primary_blob_endpoint": "https://sha1990transit111.blob.core.windows.net/",
            "primary_blob_host": "sha1990transit111.blob.core.windows.net",
            "primary_connection_string": "DefaultEndpointsProtocol=https;AccountName=sha1990transit111;AccountKey=qE22lgmayigPXXKL99FEqFUp5ggO6CxpC0Igw8W8vXvIjqHqeBJdmQ1Mb/UctEUabffx2vTXRd5k+AStomQQeg==;EndpointSuffix=core.windows.net",
            "primary_dfs_endpoint": "",
            "primary_dfs_host": "",
            "primary_file_endpoint": "https://sha1990transit111.file.core.windows.net/",
            "primary_file_host": "sha1990transit111.file.core.windows.net",
            "primary_location": "eastus",
            "primary_queue_endpoint": "https://sha1990transit111.queue.core.windows.net/",
            "primary_queue_host": "sha1990transit111.queue.core.windows.net",
            "primary_table_endpoint": "https://sha1990transit111.table.core.windows.net/",
            "primary_table_host": "sha1990transit111.table.core.windows.net",
            "primary_web_endpoint": "",
            "primary_web_host": "",
            "queue_encryption_key_type": "Service",
            "queue_properties": [
              {
                "cors_rule": [],
                "hour_metrics": [
                  {
                    "enabled": true,
                    "include_apis": true,
                    "retention_policy_days": 7,
                    "version": "1.0"
                  }
                ],
                "logging": [
                  {
                    "delete": false,
                    "read": false,
                    "retention_policy_days": 0,
                    "version": "1.0",
                    "write": false
                  }
                ],
                "minute_metrics": [
                  {
                    "enabled": false,
                    "include_apis": false,
                    "retention_policy_days": 0,
                    "version": "1.0"
                  }
                ]
              }
            ],
            "resource_group_name": "aztransit110-rg",
            "routing": [],
            "secondary_access_key": "sWOCUGRIMR8bwHZ3+JfE6KDRsXzBvQ4H3+vmUaJXmbb3aSUb0R9s/4rgllScHXBhRvHq3j3lfGQN+AStId7sgg==",
            "secondary_blob_connection_string": "",
            "secondary_blob_endpoint": null,
            "secondary_blob_host": null,
            "secondary_connection_string": "DefaultEndpointsProtocol=https;AccountName=sha1990transit111;AccountKey=sWOCUGRIMR8bwHZ3+JfE6KDRsXzBvQ4H3+vmUaJXmbb3aSUb0R9s/4rgllScHXBhRvHq3j3lfGQN+AStId7sgg==;EndpointSuffix=core.windows.net",
            "secondary_dfs_endpoint": null,
            "secondary_dfs_host": null,
            "secondary_file_endpoint": null,
            "secondary_file_host": null,
            "secondary_location": "",
            "secondary_queue_endpoint": null,
            "secondary_queue_host": null,
            "secondary_table_endpoint": null,
            "secondary_table_host": null,
            "secondary_web_endpoint": null,
            "secondary_web_host": null,
            "share_properties": [
              {
                "cors_rule": [],
                "retention_policy": [
                  {
                    "days": 7
                  }
                ],
                "smb": []
              }
            ],
            "shared_access_key_enabled": true,
            "static_website": [],
            "table_encryption_key_type": "Service",
            "tags": null,
            "timeouts": null
          },
          "sensitive_attributes": [],
          "private": "eyJlMmJmYjczMC1lY2FhLTExZTYtOGY4OC0zNDM2M2JjN2M0YzAiOnsiY3JlYXRlIjozNjAwMDAwMDAwMDAwLCJkZWxldGUiOjM2MDAwMDAwMDAwMDAsInJlYWQiOjMwMDAwMDAwMDAwMCwidXBkYXRlIjozNjAwMDAwMDAwMDAwfSwic2NoZW1hX3ZlcnNpb24iOiIzIn0=",
          "dependencies": [
            "module.transit.azurerm_resource_group.rg"
          ]
        }
      ]
    },
    {
      "module": "module.transit",
      "mode": "managed",
      "type": "azurerm_subnet",
      "name": "mgmt_snet",
      "provider": "provider[\"registry.terraform.io/hashicorp/azurerm\"]",
      "instances": [
        {
          "schema_version": 0,
          "attributes": {
            "address_prefixes": [
              "10.198.10.0/28"
            ],
            "delegation": [],
            "enforce_private_link_endpoint_network_policies": false,
            "enforce_private_link_service_network_policies": false,
            "id": "/subscriptions/2d058077-13cf-445e-acdc-997e4036a37e/resourceGroups/aztransit110-rg/providers/Microsoft.Network/virtualNetworks/transit110_vnet/subnets/fw110-mgmt",
            "name": "fw110-mgmt",
            "resource_group_name": "aztransit110-rg",
            "service_endpoint_policy_ids": [],
            "service_endpoints": [],
            "timeouts": null,
            "virtual_network_name": "transit110_vnet"
          },
          "sensitive_attributes": [],
          "private": "eyJlMmJmYjczMC1lY2FhLTExZTYtOGY4OC0zNDM2M2JjN2M0YzAiOnsiY3JlYXRlIjoxODAwMDAwMDAwMDAwLCJkZWxldGUiOjE4MDAwMDAwMDAwMDAsInJlYWQiOjMwMDAwMDAwMDAwMCwidXBkYXRlIjoxODAwMDAwMDAwMDAwfX0=",
          "dependencies": [
            "module.transit.azurerm_resource_group.rg",
            "module.transit.azurerm_virtual_network.vnet"
          ]
        }
      ]
    },
    {
      "module": "module.transit",
      "mode": "managed",
      "type": "azurerm_subnet",
      "name": "trust_snet",
      "provider": "provider[\"registry.terraform.io/hashicorp/azurerm\"]",
      "instances": [
        {
          "schema_version": 0,
          "attributes": {
            "address_prefixes": [
              "10.198.10.160/28"
            ],
            "delegation": [],
            "enforce_private_link_endpoint_network_policies": false,
            "enforce_private_link_service_network_policies": false,
            "id": "/subscriptions/2d058077-13cf-445e-acdc-997e4036a37e/resourceGroups/aztransit110-rg/providers/Microsoft.Network/virtualNetworks/transit110_vnet/subnets/fw110-trust",
            "name": "fw110-trust",
            "resource_group_name": "aztransit110-rg",
            "service_endpoint_policy_ids": [],
            "service_endpoints": [],
            "timeouts": null,
            "virtual_network_name": "transit110_vnet"
          },
          "sensitive_attributes": [],
          "private": "eyJlMmJmYjczMC1lY2FhLTExZTYtOGY4OC0zNDM2M2JjN2M0YzAiOnsiY3JlYXRlIjoxODAwMDAwMDAwMDAwLCJkZWxldGUiOjE4MDAwMDAwMDAwMDAsInJlYWQiOjMwMDAwMDAwMDAwMCwidXBkYXRlIjoxODAwMDAwMDAwMDAwfX0=",
          "dependencies": [
            "module.transit.azurerm_resource_group.rg",
            "module.transit.azurerm_virtual_network.vnet"
          ]
        }
      ]
    },
    {
      "module": "module.transit",
      "mode": "managed",
      "type": "azurerm_subnet",
      "name": "untrust_snet",
      "provider": "provider[\"registry.terraform.io/hashicorp/azurerm\"]",
      "instances": [
        {
          "schema_version": 0,
          "attributes": {
            "address_prefixes": [
              "10.198.10.16/28"
            ],
            "delegation": [],
            "enforce_private_link_endpoint_network_policies": false,
            "enforce_private_link_service_network_policies": false,
            "id": "/subscriptions/2d058077-13cf-445e-acdc-997e4036a37e/resourceGroups/aztransit110-rg/providers/Microsoft.Network/virtualNetworks/transit110_vnet/subnets/fw110-untrust",
            "name": "fw110-untrust",
            "resource_group_name": "aztransit110-rg",
            "service_endpoint_policy_ids": [],
            "service_endpoints": [],
            "timeouts": null,
            "virtual_network_name": "transit110_vnet"
          },
          "sensitive_attributes": [],
          "private": "eyJlMmJmYjczMC1lY2FhLTExZTYtOGY4OC0zNDM2M2JjN2M0YzAiOnsiY3JlYXRlIjoxODAwMDAwMDAwMDAwLCJkZWxldGUiOjE4MDAwMDAwMDAwMDAsInJlYWQiOjMwMDAwMDAwMDAwMCwidXBkYXRlIjoxODAwMDAwMDAwMDAwfX0=",
          "dependencies": [
            "module.transit.azurerm_resource_group.rg",
            "module.transit.azurerm_virtual_network.vnet"
          ]
        }
      ]
    },
    {
      "module": "module.transit",
      "mode": "managed",
      "type": "azurerm_subnet_network_security_group_association",
      "name": "mgmtnsg_assoc",
      "provider": "provider[\"registry.terraform.io/hashicorp/azurerm\"]",
      "instances": [
        {
          "schema_version": 0,
          "attributes": {
            "id": "/subscriptions/2d058077-13cf-445e-acdc-997e4036a37e/resourceGroups/aztransit110-rg/providers/Microsoft.Network/virtualNetworks/transit110_vnet/subnets/fw110-mgmt",
            "network_security_group_id": "/subscriptions/2d058077-13cf-445e-acdc-997e4036a37e/resourceGroups/aztransit110-rg/providers/Microsoft.Network/networkSecurityGroups/fw110-mgmtnsg",
            "subnet_id": "/subscriptions/2d058077-13cf-445e-acdc-997e4036a37e/resourceGroups/aztransit110-rg/providers/Microsoft.Network/virtualNetworks/transit110_vnet/subnets/fw110-mgmt",
            "timeouts": null
          },
          "sensitive_attributes": [],
          "private": "eyJlMmJmYjczMC1lY2FhLTExZTYtOGY4OC0zNDM2M2JjN2M0YzAiOnsiY3JlYXRlIjoxODAwMDAwMDAwMDAwLCJkZWxldGUiOjE4MDAwMDAwMDAwMDAsInJlYWQiOjMwMDAwMDAwMDAwMCwidXBkYXRlIjoxODAwMDAwMDAwMDAwfX0=",
          "dependencies": [
            "module.transit.azurerm_network_security_group.nsg_mgmt",
            "module.transit.azurerm_resource_group.rg",
            "module.transit.azurerm_subnet.mgmt_snet",
            "module.transit.azurerm_virtual_network.vnet"
          ]
        }
      ]
    },
    {
      "module": "module.transit",
      "mode": "managed",
      "type": "azurerm_subnet_network_security_group_association",
      "name": "tfer--Trust_network_security_group_association",
      "provider": "provider[\"registry.terraform.io/hashicorp/azurerm\"]",
      "instances": [
        {
          "schema_version": 0,
          "attributes": {
            "id": "/subscriptions/2d058077-13cf-445e-acdc-997e4036a37e/resourceGroups/aztransit110-rg/providers/Microsoft.Network/virtualNetworks/transit110_vnet/subnets/fw110-trust",
            "network_security_group_id": "/subscriptions/2d058077-13cf-445e-acdc-997e4036a37e/resourceGroups/aztransit110-rg/providers/Microsoft.Network/networkSecurityGroups/fw110-trustnsg",
            "subnet_id": "/subscriptions/2d058077-13cf-445e-acdc-997e4036a37e/resourceGroups/aztransit110-rg/providers/Microsoft.Network/virtualNetworks/transit110_vnet/subnets/fw110-trust",
            "timeouts": null
          },
          "sensitive_attributes": [],
          "private": "eyJlMmJmYjczMC1lY2FhLTExZTYtOGY4OC0zNDM2M2JjN2M0YzAiOnsiY3JlYXRlIjoxODAwMDAwMDAwMDAwLCJkZWxldGUiOjE4MDAwMDAwMDAwMDAsInJlYWQiOjMwMDAwMDAwMDAwMCwidXBkYXRlIjoxODAwMDAwMDAwMDAwfX0=",
          "dependencies": [
            "module.transit.azurerm_network_security_group.nsg_trust",
            "module.transit.azurerm_resource_group.rg",
            "module.transit.azurerm_subnet.trust_snet",
            "module.transit.azurerm_virtual_network.vnet"
          ]
        }
      ]
    },
    {
      "module": "module.transit",
      "mode": "managed",
      "type": "azurerm_virtual_network",
      "name": "vnet",
      "provider": "provider[\"registry.terraform.io/hashicorp/azurerm\"]",
      "instances": [
        {
          "schema_version": 0,
          "attributes": {
            "address_space": [
              "10.198.10.0/24"
            ],
            "bgp_community": "",
            "ddos_protection_plan": [],
            "dns_servers": [],
            "edge_zone": "",
            "flow_timeout_in_minutes": 0,
            "guid": "f0a66962-1b57-47d1-82f4-200afe8226bf",
            "id": "/subscriptions/2d058077-13cf-445e-acdc-997e4036a37e/resourceGroups/aztransit110-rg/providers/Microsoft.Network/virtualNetworks/transit110_vnet",
            "location": "eastus",
            "name": "transit110_vnet",
            "resource_group_name": "aztransit110-rg",
            "subnet": [
              {
                "address_prefix": "10.198.10.0/28",
                "id": "/subscriptions/2d058077-13cf-445e-acdc-997e4036a37e/resourceGroups/aztransit110-rg/providers/Microsoft.Network/virtualNetworks/transit110_vnet/subnets/fw110-mgmt",
                "name": "fw110-mgmt",
                "security_group": "/subscriptions/2d058077-13cf-445e-acdc-997e4036a37e/resourceGroups/aztransit110-rg/providers/Microsoft.Network/networkSecurityGroups/fw110-mgmtnsg"
              },
              {
                "address_prefix": "10.198.10.16/28",
                "id": "/subscriptions/2d058077-13cf-445e-acdc-997e4036a37e/resourceGroups/aztransit110-rg/providers/Microsoft.Network/virtualNetworks/transit110_vnet/subnets/fw110-untrust",
                "name": "fw110-untrust",
                "security_group": ""
              },
              {
                "address_prefix": "10.198.10.160/28",
                "id": "/subscriptions/2d058077-13cf-445e-acdc-997e4036a37e/resourceGroups/aztransit110-rg/providers/Microsoft.Network/virtualNetworks/transit110_vnet/subnets/fw110-trust",
                "name": "fw110-trust",
                "security_group": "/subscriptions/2d058077-13cf-445e-acdc-997e4036a37e/resourceGroups/aztransit110-rg/providers/Microsoft.Network/networkSecurityGroups/fw110-trustnsg"
              }
            ],
            "tags": {},
            "timeouts": null
          },
          "sensitive_attributes": [],
          "private": "eyJlMmJmYjczMC1lY2FhLTExZTYtOGY4OC0zNDM2M2JjN2M0YzAiOnsiY3JlYXRlIjoxODAwMDAwMDAwMDAwLCJkZWxldGUiOjE4MDAwMDAwMDAwMDAsInJlYWQiOjMwMDAwMDAwMDAwMCwidXBkYXRlIjoxODAwMDAwMDAwMDAwfX0=",
          "dependencies": [
            "module.transit.azurerm_resource_group.rg"
          ]
        }
      ]
    }
  ]
}
